// !$*UTF8*$!
{
	archiveVersion = 1;
	classes = {
	};
	objectVersion = 55;
	objects = {

/* Begin PBXBuildFile section */
		9BEAA6432843824E00AB77A7 /* AppDelegate.swift in Sources */ = {isa = PBXBuildFile; fileRef = 9BEAA6422843824E00AB77A7 /* AppDelegate.swift */; };
		9BEAA6452843824E00AB77A7 /* SceneDelegate.swift in Sources */ = {isa = PBXBuildFile; fileRef = 9BEAA6442843824E00AB77A7 /* SceneDelegate.swift */; };
		9BEAA6472843824E00AB77A7 /* MainTabViewController.swift in Sources */ = {isa = PBXBuildFile; fileRef = 9BEAA6462843824E00AB77A7 /* MainTabViewController.swift */; };
		9BEAA64C2843825200AB77A7 /* Assets.xcassets in Resources */ = {isa = PBXBuildFile; fileRef = 9BEAA64B2843825200AB77A7 /* Assets.xcassets */; };
		9BEAA64F2843825200AB77A7 /* LaunchScreen.storyboard in Resources */ = {isa = PBXBuildFile; fileRef = 9BEAA64D2843825200AB77A7 /* LaunchScreen.storyboard */; };
		9BEAA6582843828100AB77A7 /* SnapKit in Frameworks */ = {isa = PBXBuildFile; productRef = 9BEAA6572843828100AB77A7 /* SnapKit */; };
		9BEAA65B2843829D00AB77A7 /* Then in Frameworks */ = {isa = PBXBuildFile; productRef = 9BEAA65A2843829D00AB77A7 /* Then */; };
		9BEAA65D284389FF00AB77A7 /* RecordingViewController.swift in Sources */ = {isa = PBXBuildFile; fileRef = 9BEAA65C284389FF00AB77A7 /* RecordingViewController.swift */; };
		9BEAA65F28438A0800AB77A7 /* SettingViewController.swift in Sources */ = {isa = PBXBuildFile; fileRef = 9BEAA65E28438A0800AB77A7 /* SettingViewController.swift */; };
		9BEAA66128438A2500AB77A7 /* GalleryViewController.swift in Sources */ = {isa = PBXBuildFile; fileRef = 9BEAA66028438A2500AB77A7 /* GalleryViewController.swift */; };
/* End PBXBuildFile section */

/* Begin PBXFileReference section */
		9BEAA63F2843824E00AB77A7 /* YellowIsTheNewBlack.app */ = {isa = PBXFileReference; explicitFileType = wrapper.application; includeInIndex = 0; path = YellowIsTheNewBlack.app; sourceTree = BUILT_PRODUCTS_DIR; };
		9BEAA6422843824E00AB77A7 /* AppDelegate.swift */ = {isa = PBXFileReference; lastKnownFileType = sourcecode.swift; path = AppDelegate.swift; sourceTree = "<group>"; };
		9BEAA6442843824E00AB77A7 /* SceneDelegate.swift */ = {isa = PBXFileReference; lastKnownFileType = sourcecode.swift; path = SceneDelegate.swift; sourceTree = "<group>"; };
		9BEAA6462843824E00AB77A7 /* MainTabViewController.swift */ = {isa = PBXFileReference; lastKnownFileType = sourcecode.swift; path = MainTabViewController.swift; sourceTree = "<group>"; };
		9BEAA64B2843825200AB77A7 /* Assets.xcassets */ = {isa = PBXFileReference; lastKnownFileType = folder.assetcatalog; path = Assets.xcassets; sourceTree = "<group>"; };
		9BEAA64E2843825200AB77A7 /* Base */ = {isa = PBXFileReference; lastKnownFileType = file.storyboard; name = Base; path = Base.lproj/LaunchScreen.storyboard; sourceTree = "<group>"; };
		9BEAA6502843825200AB77A7 /* Info.plist */ = {isa = PBXFileReference; lastKnownFileType = text.plist.xml; path = Info.plist; sourceTree = "<group>"; };
		9BEAA65C284389FF00AB77A7 /* RecordingViewController.swift */ = {isa = PBXFileReference; lastKnownFileType = sourcecode.swift; path = RecordingViewController.swift; sourceTree = "<group>"; };
		9BEAA65E28438A0800AB77A7 /* SettingViewController.swift */ = {isa = PBXFileReference; lastKnownFileType = sourcecode.swift; path = SettingViewController.swift; sourceTree = "<group>"; };
		9BEAA66028438A2500AB77A7 /* GalleryViewController.swift */ = {isa = PBXFileReference; lastKnownFileType = sourcecode.swift; path = GalleryViewController.swift; sourceTree = "<group>"; };
/* End PBXFileReference section */

/* Begin PBXFrameworksBuildPhase section */
		9BEAA63C2843824E00AB77A7 /* Frameworks */ = {
			isa = PBXFrameworksBuildPhase;
			buildActionMask = 2147483647;
			files = (
				9BEAA6582843828100AB77A7 /* SnapKit in Frameworks */,
				9BEAA65B2843829D00AB77A7 /* Then in Frameworks */,
			);
			runOnlyForDeploymentPostprocessing = 0;
		};
/* End PBXFrameworksBuildPhase section */

/* Begin PBXGroup section */
		9BEAA6362843824E00AB77A7 = {
			isa = PBXGroup;
			children = (
				9BEAA6412843824E00AB77A7 /* YellowIsTheNewBlack */,
				9BEAA6402843824E00AB77A7 /* Products */,
			);
			sourceTree = "<group>";
		};
		9BEAA6402843824E00AB77A7 /* Products */ = {
			isa = PBXGroup;
			children = (
				9BEAA63F2843824E00AB77A7 /* YellowIsTheNewBlack.app */,
			);
			name = Products;
			sourceTree = "<group>";
		};
		9BEAA6412843824E00AB77A7 /* YellowIsTheNewBlack */ = {
			isa = PBXGroup;
			children = (
				9BEAA6422843824E00AB77A7 /* AppDelegate.swift */,
				9BEAA6442843824E00AB77A7 /* SceneDelegate.swift */,
				9BEAA64B2843825200AB77A7 /* Assets.xcassets */,
				9BEAA64D2843825200AB77A7 /* LaunchScreen.storyboard */,
				9BEAA6502843825200AB77A7 /* Info.plist */,
				9BEAA6462843824E00AB77A7 /* MainTabViewController.swift */,
				9BEAA65C284389FF00AB77A7 /* RecordingViewController.swift */,
				9BEAA65E28438A0800AB77A7 /* SettingViewController.swift */,
				9BEAA66028438A2500AB77A7 /* GalleryViewController.swift */,
			);
			path = YellowIsTheNewBlack;
			sourceTree = "<group>";
		};
/* End PBXGroup section */

/* Begin PBXNativeTarget section */
		9BEAA63E2843824E00AB77A7 /* YellowIsTheNewBlack */ = {
			isa = PBXNativeTarget;
			buildConfigurationList = 9BEAA6532843825200AB77A7 /* Build configuration list for PBXNativeTarget "YellowIsTheNewBlack" */;
			buildPhases = (
				9BEAA63B2843824E00AB77A7 /* Sources */,
				9BEAA63C2843824E00AB77A7 /* Frameworks */,
				9BEAA63D2843824E00AB77A7 /* Resources */,
			);
			buildRules = (
			);
			dependencies = (
			);
			name = YellowIsTheNewBlack;
			packageProductDependencies = (
				9BEAA6572843828100AB77A7 /* SnapKit */,
				9BEAA65A2843829D00AB77A7 /* Then */,
			);
			productName = YellowIsTheNewBlack;
			productReference = 9BEAA63F2843824E00AB77A7 /* YellowIsTheNewBlack.app */;
			productType = "com.apple.product-type.application";
		};
/* End PBXNativeTarget section */

/* Begin PBXProject section */
		9BEAA6372843824E00AB77A7 /* Project object */ = {
			isa = PBXProject;
			attributes = {
				BuildIndependentTargetsInParallel = 1;
				LastSwiftUpdateCheck = 1340;
				LastUpgradeCheck = 1340;
				TargetAttributes = {
					9BEAA63E2843824E00AB77A7 = {
						CreatedOnToolsVersion = 13.4;
					};
				};
			};
			buildConfigurationList = 9BEAA63A2843824E00AB77A7 /* Build configuration list for PBXProject "YellowIsTheNewBlack" */;
			compatibilityVersion = "Xcode 13.0";
			developmentRegion = en;
			hasScannedForEncodings = 0;
			knownRegions = (
				en,
				Base,
			);
			mainGroup = 9BEAA6362843824E00AB77A7;
			packageReferences = (
				9BEAA6562843828100AB77A7 /* XCRemoteSwiftPackageReference "SnapKit" */,
				9BEAA6592843829D00AB77A7 /* XCRemoteSwiftPackageReference "Then" */,
			);
			productRefGroup = 9BEAA6402843824E00AB77A7 /* Products */;
			projectDirPath = "";
			projectRoot = "";
			targets = (
				9BEAA63E2843824E00AB77A7 /* YellowIsTheNewBlack */,
			);
		};
/* End PBXProject section */

/* Begin PBXResourcesBuildPhase section */
		9BEAA63D2843824E00AB77A7 /* Resources */ = {
			isa = PBXResourcesBuildPhase;
			buildActionMask = 2147483647;
			files = (
				9BEAA64F2843825200AB77A7 /* LaunchScreen.storyboard in Resources */,
				9BEAA64C2843825200AB77A7 /* Assets.xcassets in Resources */,
			);
			runOnlyForDeploymentPostprocessing = 0;
		};
/* End PBXResourcesBuildPhase section */

/* Begin PBXSourcesBuildPhase section */
		9BEAA63B2843824E00AB77A7 /* Sources */ = {
			isa = PBXSourcesBuildPhase;
			buildActionMask = 2147483647;
			files = (
				9BEAA65F28438A0800AB77A7 /* SettingViewController.swift in Sources */,
				9BEAA65D284389FF00AB77A7 /* RecordingViewController.swift in Sources */,
				9BEAA6472843824E00AB77A7 /* MainTabViewController.swift in Sources */,
				9BEAA66128438A2500AB77A7 /* GalleryViewController.swift in Sources */,
				9BEAA6432843824E00AB77A7 /* AppDelegate.swift in Sources */,
				9BEAA6452843824E00AB77A7 /* SceneDelegate.swift in Sources */,
			);
			runOnlyForDeploymentPostprocessing = 0;
		};
/* End PBXSourcesBuildPhase section */

/* Begin PBXVariantGroup section */
		9BEAA64D2843825200AB77A7 /* LaunchScreen.storyboard */ = {
			isa = PBXVariantGroup;
			children = (
				9BEAA64E2843825200AB77A7 /* Base */,
			);
			name = LaunchScreen.storyboard;
			sourceTree = "<group>";
		};
/* End PBXVariantGroup section */

/* Begin XCBuildConfiguration section */
		9BEAA6512843825200AB77A7 /* Debug */ = {
			isa = XCBuildConfiguration;
			buildSettings = {
				ALWAYS_SEARCH_USER_PATHS = NO;
				CLANG_ANALYZER_NONNULL = YES;
				CLANG_ANALYZER_NUMBER_OBJECT_CONVERSION = YES_AGGRESSIVE;
				CLANG_CXX_LANGUAGE_STANDARD = "gnu++17";
				CLANG_ENABLE_MODULES = YES;
				CLANG_ENABLE_OBJC_ARC = YES;
				CLANG_ENABLE_OBJC_WEAK = YES;
				CLANG_WARN_BLOCK_CAPTURE_AUTORELEASING = YES;
				CLANG_WARN_BOOL_CONVERSION = YES;
				CLANG_WARN_COMMA = YES;
				CLANG_WARN_CONSTANT_CONVERSION = YES;
				CLANG_WARN_DEPRECATED_OBJC_IMPLEMENTATIONS = YES;
				CLANG_WARN_DIRECT_OBJC_ISA_USAGE = YES_ERROR;
				CLANG_WARN_DOCUMENTATION_COMMENTS = YES;
				CLANG_WARN_EMPTY_BODY = YES;
				CLANG_WARN_ENUM_CONVERSION = YES;
				CLANG_WARN_INFINITE_RECURSION = YES;
				CLANG_WARN_INT_CONVERSION = YES;
				CLANG_WARN_NON_LITERAL_NULL_CONVERSION = YES;
				CLANG_WARN_OBJC_IMPLICIT_RETAIN_SELF = YES;
				CLANG_WARN_OBJC_LITERAL_CONVERSION = YES;
				CLANG_WARN_OBJC_ROOT_CLASS = YES_ERROR;
				CLANG_WARN_QUOTED_INCLUDE_IN_FRAMEWORK_HEADER = YES;
				CLANG_WARN_RANGE_LOOP_ANALYSIS = YES;
				CLANG_WARN_STRICT_PROTOTYPES = YES;
				CLANG_WARN_SUSPICIOUS_MOVE = YES;
				CLANG_WARN_UNGUARDED_AVAILABILITY = YES_AGGRESSIVE;
				CLANG_WARN_UNREACHABLE_CODE = YES;
				CLANG_WARN__DUPLICATE_METHOD_MATCH = YES;
				COPY_PHASE_STRIP = NO;
				DEBUG_INFORMATION_FORMAT = dwarf;
				ENABLE_STRICT_OBJC_MSGSEND = YES;
				ENABLE_TESTABILITY = YES;
				GCC_C_LANGUAGE_STANDARD = gnu11;
				GCC_DYNAMIC_NO_PIC = NO;
				GCC_NO_COMMON_BLOCKS = YES;
				GCC_OPTIMIZATION_LEVEL = 0;
				GCC_PREPROCESSOR_DEFINITIONS = (
					"DEBUG=1",
					"$(inherited)",
				);
				GCC_WARN_64_TO_32_BIT_CONVERSION = YES;
				GCC_WARN_ABOUT_RETURN_TYPE = YES_ERROR;
				GCC_WARN_UNDECLARED_SELECTOR = YES;
				GCC_WARN_UNINITIALIZED_AUTOS = YES_AGGRESSIVE;
				GCC_WARN_UNUSED_FUNCTION = YES;
				GCC_WARN_UNUSED_VARIABLE = YES;
				IPHONEOS_DEPLOYMENT_TARGET = 13.0;
				MTL_ENABLE_DEBUG_INFO = INCLUDE_SOURCE;
				MTL_FAST_MATH = YES;
				ONLY_ACTIVE_ARCH = YES;
				SDKROOT = iphoneos;
				SWIFT_ACTIVE_COMPILATION_CONDITIONS = DEBUG;
				SWIFT_OPTIMIZATION_LEVEL = "-Onone";
			};
			name = Debug;
		};
		9BEAA6522843825200AB77A7 /* Release */ = {
			isa = XCBuildConfiguration;
			buildSettings = {
				ALWAYS_SEARCH_USER_PATHS = NO;
				CLANG_ANALYZER_NONNULL = YES;
				CLANG_ANALYZER_NUMBER_OBJECT_CONVERSION = YES_AGGRESSIVE;
				CLANG_CXX_LANGUAGE_STANDARD = "gnu++17";
				CLANG_ENABLE_MODULES = YES;
				CLANG_ENABLE_OBJC_ARC = YES;
				CLANG_ENABLE_OBJC_WEAK = YES;
				CLANG_WARN_BLOCK_CAPTURE_AUTORELEASING = YES;
				CLANG_WARN_BOOL_CONVERSION = YES;
				CLANG_WARN_COMMA = YES;
				CLANG_WARN_CONSTANT_CONVERSION = YES;
				CLANG_WARN_DEPRECATED_OBJC_IMPLEMENTATIONS = YES;
				CLANG_WARN_DIRECT_OBJC_ISA_USAGE = YES_ERROR;
				CLANG_WARN_DOCUMENTATION_COMMENTS = YES;
				CLANG_WARN_EMPTY_BODY = YES;
				CLANG_WARN_ENUM_CONVERSION = YES;
				CLANG_WARN_INFINITE_RECURSION = YES;
				CLANG_WARN_INT_CONVERSION = YES;
				CLANG_WARN_NON_LITERAL_NULL_CONVERSION = YES;
				CLANG_WARN_OBJC_IMPLICIT_RETAIN_SELF = YES;
				CLANG_WARN_OBJC_LITERAL_CONVERSION = YES;
				CLANG_WARN_OBJC_ROOT_CLASS = YES_ERROR;
				CLANG_WARN_QUOTED_INCLUDE_IN_FRAMEWORK_HEADER = YES;
				CLANG_WARN_RANGE_LOOP_ANALYSIS = YES;
				CLANG_WARN_STRICT_PROTOTYPES = YES;
				CLANG_WARN_SUSPICIOUS_MOVE = YES;
				CLANG_WARN_UNGUARDED_AVAILABILITY = YES_AGGRESSIVE;
				CLANG_WARN_UNREACHABLE_CODE = YES;
				CLANG_WARN__DUPLICATE_METHOD_MATCH = YES;
				COPY_PHASE_STRIP = NO;
				DEBUG_INFORMATION_FORMAT = "dwarf-with-dsym";
				ENABLE_NS_ASSERTIONS = NO;
				ENABLE_STRICT_OBJC_MSGSEND = YES;
				GCC_C_LANGUAGE_STANDARD = gnu11;
				GCC_NO_COMMON_BLOCKS = YES;
				GCC_WARN_64_TO_32_BIT_CONVERSION = YES;
				GCC_WARN_ABOUT_RETURN_TYPE = YES_ERROR;
				GCC_WARN_UNDECLARED_SELECTOR = YES;
				GCC_WARN_UNINITIALIZED_AUTOS = YES_AGGRESSIVE;
				GCC_WARN_UNUSED_FUNCTION = YES;
				GCC_WARN_UNUSED_VARIABLE = YES;
				IPHONEOS_DEPLOYMENT_TARGET = 13.0;
				MTL_ENABLE_DEBUG_INFO = NO;
				MTL_FAST_MATH = YES;
				SDKROOT = iphoneos;
				SWIFT_COMPILATION_MODE = wholemodule;
				SWIFT_OPTIMIZATION_LEVEL = "-O";
				VALIDATE_PRODUCT = YES;
			};
			name = Release;
		};
		9BEAA6542843825200AB77A7 /* Debug */ = {
			isa = XCBuildConfiguration;
			buildSettings = {
				ASSETCATALOG_COMPILER_APPICON_NAME = AppIcon;
				ASSETCATALOG_COMPILER_GLOBAL_ACCENT_COLOR_NAME = AccentColor;
				CODE_SIGN_STYLE = Automatic;
				CURRENT_PROJECT_VERSION = 1;
				DEVELOPMENT_TEAM = W6QHM4Y43Z;
				GENERATE_INFOPLIST_FILE = YES;
				INFOPLIST_FILE = YellowIsTheNewBlack/Info.plist;
				INFOPLIST_KEY_UIApplicationSupportsIndirectInputEvents = YES;
				INFOPLIST_KEY_UILaunchStoryboardName = LaunchScreen;
				INFOPLIST_KEY_UIMainStoryboardFile = "";
				INFOPLIST_KEY_UISupportedInterfaceOrientations_iPad = "UIInterfaceOrientationPortrait UIInterfaceOrientationPortraitUpsideDown UIInterfaceOrientationLandscapeLeft UIInterfaceOrientationLandscapeRight";
				INFOPLIST_KEY_UISupportedInterfaceOrientations_iPhone = "UIInterfaceOrientationPortrait UIInterfaceOrientationLandscapeLeft UIInterfaceOrientationLandscapeRight";
				LD_RUNPATH_SEARCH_PATHS = (
					"$(inherited)",
					"@executable_path/Frameworks",
				);
				MARKETING_VERSION = 1.0;
				PRODUCT_BUNDLE_IDENTIFIER = com.enebin.YellowIsTheNewBlack;
				PRODUCT_NAME = "$(TARGET_NAME)";
				SWIFT_EMIT_LOC_STRINGS = YES;
				SWIFT_VERSION = 5.0;
				TARGETED_DEVICE_FAMILY = "1,2";
			};
			name = Debug;
		};
		9BEAA6552843825200AB77A7 /* Release */ = {
			isa = XCBuildConfiguration;
			buildSettings = {
				ASSETCATALOG_COMPILER_APPICON_NAME = AppIcon;
				ASSETCATALOG_COMPILER_GLOBAL_ACCENT_COLOR_NAME = AccentColor;
				CODE_SIGN_STYLE = Automatic;
				CURRENT_PROJECT_VERSION = 1;
				DEVELOPMENT_TEAM = W6QHM4Y43Z;
				GENERATE_INFOPLIST_FILE = YES;
				INFOPLIST_FILE = YellowIsTheNewBlack/Info.plist;
				INFOPLIST_KEY_UIApplicationSupportsIndirectInputEvents = YES;
				INFOPLIST_KEY_UILaunchStoryboardName = LaunchScreen;
				INFOPLIST_KEY_UIMainStoryboardFile = "";
				INFOPLIST_KEY_UISupportedInterfaceOrientations_iPad = "UIInterfaceOrientationPortrait UIInterfaceOrientationPortraitUpsideDown UIInterfaceOrientationLandscapeLeft UIInterfaceOrientationLandscapeRight";
				INFOPLIST_KEY_UISupportedInterfaceOrientations_iPhone = "UIInterfaceOrientationPortrait UIInterfaceOrientationLandscapeLeft UIInterfaceOrientationLandscapeRight";
				LD_RUNPATH_SEARCH_PATHS = (
					"$(inherited)",
					"@executable_path/Frameworks",
				);
				MARKETING_VERSION = 1.0;
				PRODUCT_BUNDLE_IDENTIFIER = com.enebin.YellowIsTheNewBlack;
				PRODUCT_NAME = "$(TARGET_NAME)";
				SWIFT_EMIT_LOC_STRINGS = YES;
				SWIFT_VERSION = 5.0;
				TARGETED_DEVICE_FAMILY = "1,2";
			};
			name = Release;
		};
/* End XCBuildConfiguration section */

/* Begin XCConfigurationList section */
		9BEAA63A2843824E00AB77A7 /* Build configuration list for PBXProject "YellowIsTheNewBlack" */ = {
			isa = XCConfigurationList;
			buildConfigurations = (
				9BEAA6512843825200AB77A7 /* Debug */,
				9BEAA6522843825200AB77A7 /* Release */,
			);
			defaultConfigurationIsVisible = 0;
			defaultConfigurationName = Release;
		};
		9BEAA6532843825200AB77A7 /* Build configuration list for PBXNativeTarget "YellowIsTheNewBlack" */ = {
			isa = XCConfigurationList;
			buildConfigurations = (
				9BEAA6542843825200AB77A7 /* Debug */,
				9BEAA6552843825200AB77A7 /* Release */,
			);
			defaultConfigurationIsVisible = 0;
			defaultConfigurationName = Release;
		};
/* End XCConfigurationList section */

/* Begin XCRemoteSwiftPackageReference section */
		9BEAA6562843828100AB77A7 /* XCRemoteSwiftPackageReference "SnapKit" */ = {
			isa = XCRemoteSwiftPackageReference;
			repositoryURL = "https://github.com/SnapKit/SnapKit";
			requirement = {
				kind = upToNextMajorVersion;
				minimumVersion = 5.0.0;
			};
		};
		9BEAA6592843829D00AB77A7 /* XCRemoteSwiftPackageReference "Then" */ = {
			isa = XCRemoteSwiftPackageReference;
			repositoryURL = "https://github.com/devxoul/Then";
			requirement = {
				kind = upToNextMajorVersion;
				minimumVersion = 3.0.0;
			};
		};
/* End XCRemoteSwiftPackageReference section */

/* Begin XCSwiftPackageProductDependency section */
		9BEAA6572843828100AB77A7 /* SnapKit */ = {
			isa = XCSwiftPackageProductDependency;
			package = 9BEAA6562843828100AB77A7 /* XCRemoteSwiftPackageReference "SnapKit" */;
			productName = SnapKit;
		};
		9BEAA65A2843829D00AB77A7 /* Then */ = {
			isa = XCSwiftPackageProductDependency;
			package = 9BEAA6592843829D00AB77A7 /* XCRemoteSwiftPackageReference "Then" */;
			productName = Then;
		};
/* End XCSwiftPackageProductDependency section */
	};
	rootObject = 9BEAA6372843824E00AB77A7 /* Project object */;
}
