// !$*UTF8*$!
{
	archiveVersion = 1;
	classes = {
	};
	objectVersion = 55;
	objects = {

/* Begin PBXBuildFile section */
		9B51E6442866F69400D3BB82 /* SettingOfVideoQualityViewController.swift in Sources */ = {isa = PBXBuildFile; fileRef = 9B51E6432866F69400D3BB82 /* SettingOfVideoQualityViewController.swift */; };
		9B51E64728688CFE00D3BB82 /* SettingOfVideoQualityViewModel.swift in Sources */ = {isa = PBXBuildFile; fileRef = 9B51E64628688CFE00D3BB82 /* SettingOfVideoQualityViewModel.swift */; };
		9B543AC3285C8CCA00B41CB3 /* GalleryThumbnailMakerTests.swift in Sources */ = {isa = PBXBuildFile; fileRef = 9B543AC2285C8CC900B41CB3 /* GalleryThumbnailMakerTests.swift */; };
		9B543AC9285C9F0100B41CB3 /* GalleryViewCell.swift in Sources */ = {isa = PBXBuildFile; fileRef = 9B543AC8285C9F0100B41CB3 /* GalleryViewCell.swift */; };
		9B543AD0285DAB1600B41CB3 /* VideoSessionManager.swift in Sources */ = {isa = PBXBuildFile; fileRef = 9B543ACF285DAB1600B41CB3 /* VideoSessionManager.swift */; };
		9B6CF2EA2869D4730026D4A8 /* SettingVideoQualityCell.swift in Sources */ = {isa = PBXBuildFile; fileRef = 9B6CF2E92869D4730026D4A8 /* SettingVideoQualityCell.swift */; };
		9BA3629B2859EA9900339D46 /* LoggingManager.swift in Sources */ = {isa = PBXBuildFile; fileRef = 9BA3629A2859EA9900339D46 /* LoggingManager.swift */; };
		9BA362B82859F50B00339D46 /* DemoTest.swift in Sources */ = {isa = PBXBuildFile; fileRef = 9BA362B72859F50B00339D46 /* DemoTest.swift */; };
		9BA362BA285B31D900339D46 /* Setting.swift in Sources */ = {isa = PBXBuildFile; fileRef = 9BA362B9285B31D900339D46 /* Setting.swift */; };
		9BA362BC285B442C00339D46 /* GalleryViewModel.swift in Sources */ = {isa = PBXBuildFile; fileRef = 9BA362BB285B442C00339D46 /* GalleryViewModel.swift */; };
		9BAF4AD32860019A00B75689 /* GallerySection.swift in Sources */ = {isa = PBXBuildFile; fileRef = 9BAF4AD22860019A00B75689 /* GallerySection.swift */; };
		9BEAA6432843824E00AB77A7 /* AppDelegate.swift in Sources */ = {isa = PBXBuildFile; fileRef = 9BEAA6422843824E00AB77A7 /* AppDelegate.swift */; };
		9BEAA6452843824E00AB77A7 /* SceneDelegate.swift in Sources */ = {isa = PBXBuildFile; fileRef = 9BEAA6442843824E00AB77A7 /* SceneDelegate.swift */; };
		9BEAA6472843824E00AB77A7 /* MainTabViewController.swift in Sources */ = {isa = PBXBuildFile; fileRef = 9BEAA6462843824E00AB77A7 /* MainTabViewController.swift */; };
		9BEAA64C2843825200AB77A7 /* Assets.xcassets in Resources */ = {isa = PBXBuildFile; fileRef = 9BEAA64B2843825200AB77A7 /* Assets.xcassets */; };
		9BEAA64F2843825200AB77A7 /* LaunchScreen.storyboard in Resources */ = {isa = PBXBuildFile; fileRef = 9BEAA64D2843825200AB77A7 /* LaunchScreen.storyboard */; };
		9BEAA6582843828100AB77A7 /* SnapKit in Frameworks */ = {isa = PBXBuildFile; productRef = 9BEAA6572843828100AB77A7 /* SnapKit */; };
		9BEAA65B2843829D00AB77A7 /* Then in Frameworks */ = {isa = PBXBuildFile; productRef = 9BEAA65A2843829D00AB77A7 /* Then */; };
		9BEAA65F28438A0800AB77A7 /* SettingViewController.swift in Sources */ = {isa = PBXBuildFile; fileRef = 9BEAA65E28438A0800AB77A7 /* SettingViewController.swift */; };
		9BEAA66128438A2500AB77A7 /* GalleryViewController.swift in Sources */ = {isa = PBXBuildFile; fileRef = 9BEAA66028438A2500AB77A7 /* GalleryViewController.swift */; };
		9BEFB4FC285DF96E006C526C /* VideoFileInformation.swift in Sources */ = {isa = PBXBuildFile; fileRef = 9BEFB4FB285DF96E006C526C /* VideoFileInformation.swift */; };
		9BEFB503285EC59C006C526C /* VideoFileManager.swift in Sources */ = {isa = PBXBuildFile; fileRef = 9BEFB502285EC59C006C526C /* VideoFileManager.swift */; };
		9BEFB505285ECFAC006C526C /* VideoFileInformationMaker.swift in Sources */ = {isa = PBXBuildFile; fileRef = 9BEFB504285ECFAC006C526C /* VideoFileInformationMaker.swift */; };
		9BEFB50A285EFC8A006C526C /* RxDataSources in Frameworks */ = {isa = PBXBuildFile; productRef = 9BEFB509285EFC8A006C526C /* RxDataSources */; };
		9C17CD792851C94F00486283 /* RxCocoa in Frameworks */ = {isa = PBXBuildFile; productRef = 9C17CD782851C94F00486283 /* RxCocoa */; };
		9C17CD7B2851C94F00486283 /* RxSwift in Frameworks */ = {isa = PBXBuildFile; productRef = 9C17CD7A2851C94F00486283 /* RxSwift */; };
		9C9CA80828531F5100655A66 /* SettingViewModel.swift in Sources */ = {isa = PBXBuildFile; fileRef = 9C9CA80728531F5100655A66 /* SettingViewModel.swift */; };
		9C9CA80A2853212200655A66 /* VideoRecorderConfiguration.swift in Sources */ = {isa = PBXBuildFile; fileRef = 9C9CA8092853212200655A66 /* VideoRecorderConfiguration.swift */; };
		9CD4518B284F2BFB007CF311 /* VideoRecorderViewModel.swift in Sources */ = {isa = PBXBuildFile; fileRef = 9CD4518A284F2BFB007CF311 /* VideoRecorderViewModel.swift */; };
		9CD4518D284F3281007CF311 /* VideoRecorderViewController.swift in Sources */ = {isa = PBXBuildFile; fileRef = 9CD4518C284F3281007CF311 /* VideoRecorderViewController.swift */; };
		9CD4518F284F335B007CF311 /* VideoRecorderError.swift in Sources */ = {isa = PBXBuildFile; fileRef = 9CD4518E284F335B007CF311 /* VideoRecorderError.swift */; };
		9CD451992851B167007CF311 /* VideoFilePathManager.swift in Sources */ = {isa = PBXBuildFile; fileRef = 9CD451982851B167007CF311 /* VideoFilePathManager.swift */; };
/* End PBXBuildFile section */

/* Begin PBXContainerItemProxy section */
		9BA362B12859F4DE00339D46 /* PBXContainerItemProxy */ = {
			isa = PBXContainerItemProxy;
			containerPortal = 9BEAA6372843824E00AB77A7 /* Project object */;
			proxyType = 1;
			remoteGlobalIDString = 9BEAA63E2843824E00AB77A7;
			remoteInfo = YellowIsTheNewBlack;
		};
/* End PBXContainerItemProxy section */

/* Begin PBXFileReference section */
		9B51E6432866F69400D3BB82 /* SettingOfVideoQualityViewController.swift */ = {isa = PBXFileReference; lastKnownFileType = sourcecode.swift; path = SettingOfVideoQualityViewController.swift; sourceTree = "<group>"; };
		9B51E64628688CFE00D3BB82 /* SettingOfVideoQualityViewModel.swift */ = {isa = PBXFileReference; lastKnownFileType = sourcecode.swift; path = SettingOfVideoQualityViewModel.swift; sourceTree = "<group>"; };
		9B543AC2285C8CC900B41CB3 /* GalleryThumbnailMakerTests.swift */ = {isa = PBXFileReference; lastKnownFileType = sourcecode.swift; path = GalleryThumbnailMakerTests.swift; sourceTree = "<group>"; };
		9B543AC8285C9F0100B41CB3 /* GalleryViewCell.swift */ = {isa = PBXFileReference; lastKnownFileType = sourcecode.swift; path = GalleryViewCell.swift; sourceTree = "<group>"; };
		9B543ACF285DAB1600B41CB3 /* VideoSessionManager.swift */ = {isa = PBXFileReference; lastKnownFileType = sourcecode.swift; path = VideoSessionManager.swift; sourceTree = "<group>"; };
		9B6CF2E92869D4730026D4A8 /* SettingVideoQualityCell.swift */ = {isa = PBXFileReference; lastKnownFileType = sourcecode.swift; path = SettingVideoQualityCell.swift; sourceTree = "<group>"; };
		9BA3629A2859EA9900339D46 /* LoggingManager.swift */ = {isa = PBXFileReference; lastKnownFileType = sourcecode.swift; path = LoggingManager.swift; sourceTree = "<group>"; };
		9BA362AD2859F4DE00339D46 /* YellowIsTheNewBlackTests.xctest */ = {isa = PBXFileReference; explicitFileType = wrapper.cfbundle; includeInIndex = 0; path = YellowIsTheNewBlackTests.xctest; sourceTree = BUILT_PRODUCTS_DIR; };
		9BA362B62859F50B00339D46 /* YellowIsTheNewBlackTests-Bridging-Header.h */ = {isa = PBXFileReference; lastKnownFileType = sourcecode.c.h; path = "YellowIsTheNewBlackTests-Bridging-Header.h"; sourceTree = "<group>"; };
		9BA362B72859F50B00339D46 /* DemoTest.swift */ = {isa = PBXFileReference; lastKnownFileType = sourcecode.swift; path = DemoTest.swift; sourceTree = "<group>"; };
		9BA362B9285B31D900339D46 /* Setting.swift */ = {isa = PBXFileReference; lastKnownFileType = sourcecode.swift; path = Setting.swift; sourceTree = "<group>"; };
		9BA362BB285B442C00339D46 /* GalleryViewModel.swift */ = {isa = PBXFileReference; lastKnownFileType = sourcecode.swift; path = GalleryViewModel.swift; sourceTree = "<group>"; };
		9BAF4AD22860019A00B75689 /* GallerySection.swift */ = {isa = PBXFileReference; lastKnownFileType = sourcecode.swift; path = GallerySection.swift; sourceTree = "<group>"; };
		9BEAA63F2843824E00AB77A7 /* YellowIsTheNewBlack.app */ = {isa = PBXFileReference; explicitFileType = wrapper.application; includeInIndex = 0; path = YellowIsTheNewBlack.app; sourceTree = BUILT_PRODUCTS_DIR; };
		9BEAA6422843824E00AB77A7 /* AppDelegate.swift */ = {isa = PBXFileReference; lastKnownFileType = sourcecode.swift; path = AppDelegate.swift; sourceTree = "<group>"; };
		9BEAA6442843824E00AB77A7 /* SceneDelegate.swift */ = {isa = PBXFileReference; lastKnownFileType = sourcecode.swift; path = SceneDelegate.swift; sourceTree = "<group>"; };
		9BEAA6462843824E00AB77A7 /* MainTabViewController.swift */ = {isa = PBXFileReference; lastKnownFileType = sourcecode.swift; path = MainTabViewController.swift; sourceTree = "<group>"; };
		9BEAA64B2843825200AB77A7 /* Assets.xcassets */ = {isa = PBXFileReference; lastKnownFileType = folder.assetcatalog; path = Assets.xcassets; sourceTree = "<group>"; };
		9BEAA64E2843825200AB77A7 /* Base */ = {isa = PBXFileReference; lastKnownFileType = file.storyboard; name = Base; path = Base.lproj/LaunchScreen.storyboard; sourceTree = "<group>"; };
		9BEAA6502843825200AB77A7 /* Info.plist */ = {isa = PBXFileReference; lastKnownFileType = text.plist.xml; path = Info.plist; sourceTree = "<group>"; };
		9BEAA65E28438A0800AB77A7 /* SettingViewController.swift */ = {isa = PBXFileReference; lastKnownFileType = sourcecode.swift; path = SettingViewController.swift; sourceTree = "<group>"; };
		9BEAA66028438A2500AB77A7 /* GalleryViewController.swift */ = {isa = PBXFileReference; lastKnownFileType = sourcecode.swift; path = GalleryViewController.swift; sourceTree = "<group>"; };
		9BEFB4FB285DF96E006C526C /* VideoFileInformation.swift */ = {isa = PBXFileReference; lastKnownFileType = sourcecode.swift; path = VideoFileInformation.swift; sourceTree = "<group>"; };
		9BEFB502285EC59C006C526C /* VideoFileManager.swift */ = {isa = PBXFileReference; lastKnownFileType = sourcecode.swift; path = VideoFileManager.swift; sourceTree = "<group>"; };
		9BEFB504285ECFAC006C526C /* VideoFileInformationMaker.swift */ = {isa = PBXFileReference; lastKnownFileType = sourcecode.swift; path = VideoFileInformationMaker.swift; sourceTree = "<group>"; };
		9C9CA80728531F5100655A66 /* SettingViewModel.swift */ = {isa = PBXFileReference; lastKnownFileType = sourcecode.swift; path = SettingViewModel.swift; sourceTree = "<group>"; };
		9C9CA8092853212200655A66 /* VideoRecorderConfiguration.swift */ = {isa = PBXFileReference; lastKnownFileType = sourcecode.swift; path = VideoRecorderConfiguration.swift; sourceTree = "<group>"; };
		9CD4518A284F2BFB007CF311 /* VideoRecorderViewModel.swift */ = {isa = PBXFileReference; lastKnownFileType = sourcecode.swift; path = VideoRecorderViewModel.swift; sourceTree = "<group>"; };
		9CD4518C284F3281007CF311 /* VideoRecorderViewController.swift */ = {isa = PBXFileReference; lastKnownFileType = sourcecode.swift; path = VideoRecorderViewController.swift; sourceTree = "<group>"; };
		9CD4518E284F335B007CF311 /* VideoRecorderError.swift */ = {isa = PBXFileReference; lastKnownFileType = sourcecode.swift; path = VideoRecorderError.swift; sourceTree = "<group>"; };
		9CD451982851B167007CF311 /* VideoFilePathManager.swift */ = {isa = PBXFileReference; lastKnownFileType = sourcecode.swift; path = VideoFilePathManager.swift; sourceTree = "<group>"; };
/* End PBXFileReference section */

/* Begin PBXFrameworksBuildPhase section */
		9BA362AA2859F4DE00339D46 /* Frameworks */ = {
			isa = PBXFrameworksBuildPhase;
			buildActionMask = 2147483647;
			files = (
			);
			runOnlyForDeploymentPostprocessing = 0;
		};
		9BEAA63C2843824E00AB77A7 /* Frameworks */ = {
			isa = PBXFrameworksBuildPhase;
			buildActionMask = 2147483647;
			files = (
				9C17CD792851C94F00486283 /* RxCocoa in Frameworks */,
				9BEAA6582843828100AB77A7 /* SnapKit in Frameworks */,
				9C17CD7B2851C94F00486283 /* RxSwift in Frameworks */,
				9BEFB50A285EFC8A006C526C /* RxDataSources in Frameworks */,
				9BEAA65B2843829D00AB77A7 /* Then in Frameworks */,
			);
			runOnlyForDeploymentPostprocessing = 0;
		};
/* End PBXFrameworksBuildPhase section */

/* Begin PBXGroup section */
		9B51E6402866EF8500D3BB82 /* Setting */ = {
			isa = PBXGroup;
			children = (
				9B51E64528688C8600D3BB82 /* Video quality */,
				9BA362B9285B31D900339D46 /* Setting.swift */,
				9C9CA80728531F5100655A66 /* SettingViewModel.swift */,
				9BEAA65E28438A0800AB77A7 /* SettingViewController.swift */,
			);
			name = Setting;
			sourceTree = "<group>";
		};
		9B51E64528688C8600D3BB82 /* Video quality */ = {
			isa = PBXGroup;
			children = (
				9B51E64628688CFE00D3BB82 /* SettingOfVideoQualityViewModel.swift */,
				9B51E6432866F69400D3BB82 /* SettingOfVideoQualityViewController.swift */,
				9B6CF2E92869D4730026D4A8 /* SettingVideoQualityCell.swift */,
			);
			name = "Video quality";
			sourceTree = "<group>";
		};
		9B543AC4285C970100B41CB3 /* Frameworks */ = {
			isa = PBXGroup;
			children = (
			);
			name = Frameworks;
			sourceTree = "<group>";
		};
		9BA362992859EA8900339D46 /* Managers */ = {
			isa = PBXGroup;
			children = (
				9BA3629A2859EA9900339D46 /* LoggingManager.swift */,
				9B543ACF285DAB1600B41CB3 /* VideoSessionManager.swift */,
			);
			name = Managers;
			sourceTree = "<group>";
		};
		9BA362AE2859F4DE00339D46 /* YellowIsTheNewBlackTests */ = {
			isa = PBXGroup;
			children = (
				9BA362B62859F50B00339D46 /* YellowIsTheNewBlackTests-Bridging-Header.h */,
				9BA362B72859F50B00339D46 /* DemoTest.swift */,
				9B543AC2285C8CC900B41CB3 /* GalleryThumbnailMakerTests.swift */,
			);
			path = YellowIsTheNewBlackTests;
			sourceTree = "<group>";
		};
		9BA362BD285B464100339D46 /* Gallery */ = {
			isa = PBXGroup;
			children = (
				9BEAA66028438A2500AB77A7 /* GalleryViewController.swift */,
				9BAF4AD22860019A00B75689 /* GallerySection.swift */,
				9B543AC8285C9F0100B41CB3 /* GalleryViewCell.swift */,
				9BA362BB285B442C00339D46 /* GalleryViewModel.swift */,
			);
			name = Gallery;
			sourceTree = "<group>";
		};
		9BEAA6362843824E00AB77A7 = {
			isa = PBXGroup;
			children = (
				9BEAA6412843824E00AB77A7 /* YellowIsTheNewBlack */,
				9BA362AE2859F4DE00339D46 /* YellowIsTheNewBlackTests */,
				9BEAA6402843824E00AB77A7 /* Products */,
				9B543AC4285C970100B41CB3 /* Frameworks */,
			);
			sourceTree = "<group>";
		};
		9BEAA6402843824E00AB77A7 /* Products */ = {
			isa = PBXGroup;
			children = (
				9BEAA63F2843824E00AB77A7 /* YellowIsTheNewBlack.app */,
				9BA362AD2859F4DE00339D46 /* YellowIsTheNewBlackTests.xctest */,
			);
			name = Products;
			sourceTree = "<group>";
		};
		9BEAA6412843824E00AB77A7 /* YellowIsTheNewBlack */ = {
			isa = PBXGroup;
			children = (
				9BA362992859EA8900339D46 /* Managers */,
				9BEFB4FF285DFBE4006C526C /* Files */,
				9CD45189284F2BE9007CF311 /* Video */,
				9BA362BD285B464100339D46 /* Gallery */,
				9B51E6402866EF8500D3BB82 /* Setting */,
				9BEAA6502843825200AB77A7 /* Info.plist */,
				9BEAA6462843824E00AB77A7 /* MainTabViewController.swift */,
				9BEAA6422843824E00AB77A7 /* AppDelegate.swift */,
				9BEAA6442843824E00AB77A7 /* SceneDelegate.swift */,
				9BEAA64B2843825200AB77A7 /* Assets.xcassets */,
				9BEAA64D2843825200AB77A7 /* LaunchScreen.storyboard */,
			);
			path = YellowIsTheNewBlack;
			sourceTree = "<group>";
		};
		9BEFB4FF285DFBE4006C526C /* Files */ = {
			isa = PBXGroup;
			children = (
				9BEFB4FB285DF96E006C526C /* VideoFileInformation.swift */,
				9BEFB504285ECFAC006C526C /* VideoFileInformationMaker.swift */,
				9CD451982851B167007CF311 /* VideoFilePathManager.swift */,
				9BEFB502285EC59C006C526C /* VideoFileManager.swift */,
			);
			name = Files;
			sourceTree = "<group>";
		};
		9CD45189284F2BE9007CF311 /* Video */ = {
			isa = PBXGroup;
			children = (
				9CD4518C284F3281007CF311 /* VideoRecorderViewController.swift */,
				9CD4518A284F2BFB007CF311 /* VideoRecorderViewModel.swift */,
				9CD4518E284F335B007CF311 /* VideoRecorderError.swift */,
				9C9CA8092853212200655A66 /* VideoRecorderConfiguration.swift */,
			);
			name = Video;
			sourceTree = "<group>";
		};
/* End PBXGroup section */

/* Begin PBXNativeTarget section */
		9BA362AC2859F4DE00339D46 /* YellowIsTheNewBlackTests */ = {
			isa = PBXNativeTarget;
			buildConfigurationList = 9BA362B32859F4DE00339D46 /* Build configuration list for PBXNativeTarget "YellowIsTheNewBlackTests" */;
			buildPhases = (
				9BA362A92859F4DE00339D46 /* Sources */,
				9BA362AA2859F4DE00339D46 /* Frameworks */,
				9BA362AB2859F4DE00339D46 /* Resources */,
			);
			buildRules = (
			);
			dependencies = (
				9BA362B22859F4DE00339D46 /* PBXTargetDependency */,
			);
			name = YellowIsTheNewBlackTests;
			productName = YellowIsTheNewBlackTests;
			productReference = 9BA362AD2859F4DE00339D46 /* YellowIsTheNewBlackTests.xctest */;
			productType = "com.apple.product-type.bundle.unit-test";
		};
		9BEAA63E2843824E00AB77A7 /* YellowIsTheNewBlack */ = {
			isa = PBXNativeTarget;
			buildConfigurationList = 9BEAA6532843825200AB77A7 /* Build configuration list for PBXNativeTarget "YellowIsTheNewBlack" */;
			buildPhases = (
				9BEAA63B2843824E00AB77A7 /* Sources */,
				9BEAA63C2843824E00AB77A7 /* Frameworks */,
				9BEAA63D2843824E00AB77A7 /* Resources */,
			);
			buildRules = (
			);
			dependencies = (
			);
			name = YellowIsTheNewBlack;
			packageProductDependencies = (
				9BEAA6572843828100AB77A7 /* SnapKit */,
				9BEAA65A2843829D00AB77A7 /* Then */,
				9C17CD782851C94F00486283 /* RxCocoa */,
				9C17CD7A2851C94F00486283 /* RxSwift */,
				9BEFB509285EFC8A006C526C /* RxDataSources */,
			);
			productName = YellowIsTheNewBlack;
			productReference = 9BEAA63F2843824E00AB77A7 /* YellowIsTheNewBlack.app */;
			productType = "com.apple.product-type.application";
		};
/* End PBXNativeTarget section */

/* Begin PBXProject section */
		9BEAA6372843824E00AB77A7 /* Project object */ = {
			isa = PBXProject;
			attributes = {
				BuildIndependentTargetsInParallel = 1;
				LastSwiftUpdateCheck = 1340;
				LastUpgradeCheck = 1340;
				TargetAttributes = {
					9BA362AC2859F4DE00339D46 = {
						CreatedOnToolsVersion = 13.4;
						LastSwiftMigration = 1340;
						TestTargetID = 9BEAA63E2843824E00AB77A7;
					};
					9BEAA63E2843824E00AB77A7 = {
						CreatedOnToolsVersion = 13.4;
					};
				};
			};
			buildConfigurationList = 9BEAA63A2843824E00AB77A7 /* Build configuration list for PBXProject "YellowIsTheNewBlack" */;
			compatibilityVersion = "Xcode 13.0";
			developmentRegion = en;
			hasScannedForEncodings = 0;
			knownRegions = (
				en,
				Base,
			);
			mainGroup = 9BEAA6362843824E00AB77A7;
			packageReferences = (
				9BEAA6562843828100AB77A7 /* XCRemoteSwiftPackageReference "SnapKit" */,
				9BEAA6592843829D00AB77A7 /* XCRemoteSwiftPackageReference "Then" */,
				9C17CD772851C94F00486283 /* XCRemoteSwiftPackageReference "RxSwift" */,
				9BEFB508285EFC8A006C526C /* XCRemoteSwiftPackageReference "RxDataSources" */,
			);
			productRefGroup = 9BEAA6402843824E00AB77A7 /* Products */;
			projectDirPath = "";
			projectRoot = "";
			targets = (
				9BEAA63E2843824E00AB77A7 /* YellowIsTheNewBlack */,
				9BA362AC2859F4DE00339D46 /* YellowIsTheNewBlackTests */,
			);
		};
/* End PBXProject section */

/* Begin PBXResourcesBuildPhase section */
		9BA362AB2859F4DE00339D46 /* Resources */ = {
			isa = PBXResourcesBuildPhase;
			buildActionMask = 2147483647;
			files = (
			);
			runOnlyForDeploymentPostprocessing = 0;
		};
		9BEAA63D2843824E00AB77A7 /* Resources */ = {
			isa = PBXResourcesBuildPhase;
			buildActionMask = 2147483647;
			files = (
				9BEAA64F2843825200AB77A7 /* LaunchScreen.storyboard in Resources */,
				9BEAA64C2843825200AB77A7 /* Assets.xcassets in Resources */,
			);
			runOnlyForDeploymentPostprocessing = 0;
		};
/* End PBXResourcesBuildPhase section */

/* Begin PBXSourcesBuildPhase section */
		9BA362A92859F4DE00339D46 /* Sources */ = {
			isa = PBXSourcesBuildPhase;
			buildActionMask = 2147483647;
			files = (
				9B543AC3285C8CCA00B41CB3 /* GalleryThumbnailMakerTests.swift in Sources */,
				9BA362B82859F50B00339D46 /* DemoTest.swift in Sources */,
			);
			runOnlyForDeploymentPostprocessing = 0;
		};
		9BEAA63B2843824E00AB77A7 /* Sources */ = {
			isa = PBXSourcesBuildPhase;
			buildActionMask = 2147483647;
			files = (
				9CD4518D284F3281007CF311 /* VideoRecorderViewController.swift in Sources */,
				9BA362BC285B442C00339D46 /* GalleryViewModel.swift in Sources */,
				9BA3629B2859EA9900339D46 /* LoggingManager.swift in Sources */,
				9BEFB503285EC59C006C526C /* VideoFileManager.swift in Sources */,
				9B51E64728688CFE00D3BB82 /* SettingOfVideoQualityViewModel.swift in Sources */,
				9CD4518F284F335B007CF311 /* VideoRecorderError.swift in Sources */,
				9C9CA80A2853212200655A66 /* VideoRecorderConfiguration.swift in Sources */,
				9BA362BA285B31D900339D46 /* Setting.swift in Sources */,
				9BEAA65F28438A0800AB77A7 /* SettingViewController.swift in Sources */,
				9BAF4AD32860019A00B75689 /* GallerySection.swift in Sources */,
				9CD451992851B167007CF311 /* VideoFilePathManager.swift in Sources */,
				9BEAA6472843824E00AB77A7 /* MainTabViewController.swift in Sources */,
				9BEFB505285ECFAC006C526C /* VideoFileInformationMaker.swift in Sources */,
				9BEFB4FC285DF96E006C526C /* VideoFileInformation.swift in Sources */,
				9BEAA66128438A2500AB77A7 /* GalleryViewController.swift in Sources */,
				9B543AC9285C9F0100B41CB3 /* GalleryViewCell.swift in Sources */,
				9CD4518B284F2BFB007CF311 /* VideoRecorderViewModel.swift in Sources */,
				9B51E6442866F69400D3BB82 /* SettingOfVideoQualityViewController.swift in Sources */,
				9C9CA80828531F5100655A66 /* SettingViewModel.swift in Sources */,
				9B6CF2EA2869D4730026D4A8 /* SettingVideoQualityCell.swift in Sources */,
				9BEAA6432843824E00AB77A7 /* AppDelegate.swift in Sources */,
				9B543AD0285DAB1600B41CB3 /* VideoSessionManager.swift in Sources */,
				9BEAA6452843824E00AB77A7 /* SceneDelegate.swift in Sources */,
			);
			runOnlyForDeploymentPostprocessing = 0;
		};
/* End PBXSourcesBuildPhase section */

/* Begin PBXTargetDependency section */
		9BA362B22859F4DE00339D46 /* PBXTargetDependency */ = {
			isa = PBXTargetDependency;
			target = 9BEAA63E2843824E00AB77A7 /* YellowIsTheNewBlack */;
			targetProxy = 9BA362B12859F4DE00339D46 /* PBXContainerItemProxy */;
		};
/* End PBXTargetDependency section */

/* Begin PBXVariantGroup section */
		9BEAA64D2843825200AB77A7 /* LaunchScreen.storyboard */ = {
			isa = PBXVariantGroup;
			children = (
				9BEAA64E2843825200AB77A7 /* Base */,
			);
			name = LaunchScreen.storyboard;
			sourceTree = "<group>";
		};
/* End PBXVariantGroup section */

/* Begin XCBuildConfiguration section */
		9BA362B42859F4DE00339D46 /* Debug */ = {
			isa = XCBuildConfiguration;
			buildSettings = {
				BUNDLE_LOADER = "$(TEST_HOST)";
				CLANG_ENABLE_MODULES = YES;
				CODE_SIGN_STYLE = Automatic;
				CURRENT_PROJECT_VERSION = 1;
				DEVELOPMENT_TEAM = W6QHM4Y43Z;
				GENERATE_INFOPLIST_FILE = YES;
				IPHONEOS_DEPLOYMENT_TARGET = 15.5;
				LD_RUNPATH_SEARCH_PATHS = (
					"$(inherited)",
					"@executable_path/Frameworks",
					"@loader_path/Frameworks",
				);
				MARKETING_VERSION = 1.0;
				PRODUCT_BUNDLE_IDENTIFIER = enebin.YellowIsTheNewBlackTests;
				PRODUCT_NAME = "$(TARGET_NAME)";
				SWIFT_EMIT_LOC_STRINGS = NO;
				SWIFT_OBJC_BRIDGING_HEADER = "YellowIsTheNewBlackTests/YellowIsTheNewBlackTests-Bridging-Header.h";
				SWIFT_OPTIMIZATION_LEVEL = "-Onone";
				SWIFT_VERSION = 5.0;
				TARGETED_DEVICE_FAMILY = "1,2";
				TEST_HOST = "$(BUILT_PRODUCTS_DIR)/YellowIsTheNewBlack.app/YellowIsTheNewBlack";
			};
			name = Debug;
		};
		9BA362B52859F4DE00339D46 /* Release */ = {
			isa = XCBuildConfiguration;
			buildSettings = {
				BUNDLE_LOADER = "$(TEST_HOST)";
				CLANG_ENABLE_MODULES = YES;
				CODE_SIGN_STYLE = Automatic;
				CURRENT_PROJECT_VERSION = 1;
				DEVELOPMENT_TEAM = W6QHM4Y43Z;
				GENERATE_INFOPLIST_FILE = YES;
				IPHONEOS_DEPLOYMENT_TARGET = 15.5;
				LD_RUNPATH_SEARCH_PATHS = (
					"$(inherited)",
					"@executable_path/Frameworks",
					"@loader_path/Frameworks",
				);
				MARKETING_VERSION = 1.0;
				PRODUCT_BUNDLE_IDENTIFIER = enebin.YellowIsTheNewBlackTests;
				PRODUCT_NAME = "$(TARGET_NAME)";
				SWIFT_EMIT_LOC_STRINGS = NO;
				SWIFT_OBJC_BRIDGING_HEADER = "YellowIsTheNewBlackTests/YellowIsTheNewBlackTests-Bridging-Header.h";
				SWIFT_VERSION = 5.0;
				TARGETED_DEVICE_FAMILY = "1,2";
				TEST_HOST = "$(BUILT_PRODUCTS_DIR)/YellowIsTheNewBlack.app/YellowIsTheNewBlack";
			};
			name = Release;
		};
		9BEAA6512843825200AB77A7 /* Debug */ = {
			isa = XCBuildConfiguration;
			buildSettings = {
				ALWAYS_SEARCH_USER_PATHS = NO;
				CLANG_ANALYZER_NONNULL = YES;
				CLANG_ANALYZER_NUMBER_OBJECT_CONVERSION = YES_AGGRESSIVE;
				CLANG_CXX_LANGUAGE_STANDARD = "gnu++17";
				CLANG_ENABLE_MODULES = YES;
				CLANG_ENABLE_OBJC_ARC = YES;
				CLANG_ENABLE_OBJC_WEAK = YES;
				CLANG_WARN_BLOCK_CAPTURE_AUTORELEASING = YES;
				CLANG_WARN_BOOL_CONVERSION = YES;
				CLANG_WARN_COMMA = YES;
				CLANG_WARN_CONSTANT_CONVERSION = YES;
				CLANG_WARN_DEPRECATED_OBJC_IMPLEMENTATIONS = YES;
				CLANG_WARN_DIRECT_OBJC_ISA_USAGE = YES_ERROR;
				CLANG_WARN_DOCUMENTATION_COMMENTS = YES;
				CLANG_WARN_EMPTY_BODY = YES;
				CLANG_WARN_ENUM_CONVERSION = YES;
				CLANG_WARN_INFINITE_RECURSION = YES;
				CLANG_WARN_INT_CONVERSION = YES;
				CLANG_WARN_NON_LITERAL_NULL_CONVERSION = YES;
				CLANG_WARN_OBJC_IMPLICIT_RETAIN_SELF = YES;
				CLANG_WARN_OBJC_LITERAL_CONVERSION = YES;
				CLANG_WARN_OBJC_ROOT_CLASS = YES_ERROR;
				CLANG_WARN_QUOTED_INCLUDE_IN_FRAMEWORK_HEADER = YES;
				CLANG_WARN_RANGE_LOOP_ANALYSIS = YES;
				CLANG_WARN_STRICT_PROTOTYPES = YES;
				CLANG_WARN_SUSPICIOUS_MOVE = YES;
				CLANG_WARN_UNGUARDED_AVAILABILITY = YES_AGGRESSIVE;
				CLANG_WARN_UNREACHABLE_CODE = YES;
				CLANG_WARN__DUPLICATE_METHOD_MATCH = YES;
				COPY_PHASE_STRIP = NO;
				DEBUG_INFORMATION_FORMAT = dwarf;
				ENABLE_STRICT_OBJC_MSGSEND = YES;
				ENABLE_TESTABILITY = YES;
				ENABLE_TESTING_SEARCH_PATHS = YES;
				GCC_C_LANGUAGE_STANDARD = gnu11;
				GCC_DYNAMIC_NO_PIC = NO;
				GCC_NO_COMMON_BLOCKS = YES;
				GCC_OPTIMIZATION_LEVEL = 0;
				GCC_PREPROCESSOR_DEFINITIONS = (
					"DEBUG=1",
					"$(inherited)",
				);
				GCC_WARN_64_TO_32_BIT_CONVERSION = YES;
				GCC_WARN_ABOUT_RETURN_TYPE = YES_ERROR;
				GCC_WARN_UNDECLARED_SELECTOR = YES;
				GCC_WARN_UNINITIALIZED_AUTOS = YES_AGGRESSIVE;
				GCC_WARN_UNUSED_FUNCTION = YES;
				GCC_WARN_UNUSED_VARIABLE = YES;
				IPHONEOS_DEPLOYMENT_TARGET = 13.0;
				MTL_ENABLE_DEBUG_INFO = INCLUDE_SOURCE;
				MTL_FAST_MATH = YES;
				ONLY_ACTIVE_ARCH = YES;
				SDKROOT = iphoneos;
				SWIFT_ACTIVE_COMPILATION_CONDITIONS = DEBUG;
				SWIFT_OPTIMIZATION_LEVEL = "-Onone";
			};
			name = Debug;
		};
		9BEAA6522843825200AB77A7 /* Release */ = {
			isa = XCBuildConfiguration;
			buildSettings = {
				ALWAYS_SEARCH_USER_PATHS = NO;
				CLANG_ANALYZER_NONNULL = YES;
				CLANG_ANALYZER_NUMBER_OBJECT_CONVERSION = YES_AGGRESSIVE;
				CLANG_CXX_LANGUAGE_STANDARD = "gnu++17";
				CLANG_ENABLE_MODULES = YES;
				CLANG_ENABLE_OBJC_ARC = YES;
				CLANG_ENABLE_OBJC_WEAK = YES;
				CLANG_WARN_BLOCK_CAPTURE_AUTORELEASING = YES;
				CLANG_WARN_BOOL_CONVERSION = YES;
				CLANG_WARN_COMMA = YES;
				CLANG_WARN_CONSTANT_CONVERSION = YES;
				CLANG_WARN_DEPRECATED_OBJC_IMPLEMENTATIONS = YES;
				CLANG_WARN_DIRECT_OBJC_ISA_USAGE = YES_ERROR;
				CLANG_WARN_DOCUMENTATION_COMMENTS = YES;
				CLANG_WARN_EMPTY_BODY = YES;
				CLANG_WARN_ENUM_CONVERSION = YES;
				CLANG_WARN_INFINITE_RECURSION = YES;
				CLANG_WARN_INT_CONVERSION = YES;
				CLANG_WARN_NON_LITERAL_NULL_CONVERSION = YES;
				CLANG_WARN_OBJC_IMPLICIT_RETAIN_SELF = YES;
				CLANG_WARN_OBJC_LITERAL_CONVERSION = YES;
				CLANG_WARN_OBJC_ROOT_CLASS = YES_ERROR;
				CLANG_WARN_QUOTED_INCLUDE_IN_FRAMEWORK_HEADER = YES;
				CLANG_WARN_RANGE_LOOP_ANALYSIS = YES;
				CLANG_WARN_STRICT_PROTOTYPES = YES;
				CLANG_WARN_SUSPICIOUS_MOVE = YES;
				CLANG_WARN_UNGUARDED_AVAILABILITY = YES_AGGRESSIVE;
				CLANG_WARN_UNREACHABLE_CODE = YES;
				CLANG_WARN__DUPLICATE_METHOD_MATCH = YES;
				COPY_PHASE_STRIP = NO;
				DEBUG_INFORMATION_FORMAT = "dwarf-with-dsym";
				ENABLE_NS_ASSERTIONS = NO;
				ENABLE_STRICT_OBJC_MSGSEND = YES;
				ENABLE_TESTABILITY = YES;
				ENABLE_TESTING_SEARCH_PATHS = YES;
				GCC_C_LANGUAGE_STANDARD = gnu11;
				GCC_NO_COMMON_BLOCKS = YES;
				GCC_WARN_64_TO_32_BIT_CONVERSION = YES;
				GCC_WARN_ABOUT_RETURN_TYPE = YES_ERROR;
				GCC_WARN_UNDECLARED_SELECTOR = YES;
				GCC_WARN_UNINITIALIZED_AUTOS = YES_AGGRESSIVE;
				GCC_WARN_UNUSED_FUNCTION = YES;
				GCC_WARN_UNUSED_VARIABLE = YES;
				IPHONEOS_DEPLOYMENT_TARGET = 13.0;
				MTL_ENABLE_DEBUG_INFO = NO;
				MTL_FAST_MATH = YES;
				SDKROOT = iphoneos;
				SWIFT_COMPILATION_MODE = wholemodule;
				SWIFT_OPTIMIZATION_LEVEL = "-O";
				VALIDATE_PRODUCT = YES;
			};
			name = Release;
		};
		9BEAA6542843825200AB77A7 /* Debug */ = {
			isa = XCBuildConfiguration;
			buildSettings = {
				ASSETCATALOG_COMPILER_APPICON_NAME = AppIcon;
				ASSETCATALOG_COMPILER_GLOBAL_ACCENT_COLOR_NAME = AccentColor;
				CODE_SIGN_STYLE = Automatic;
				CURRENT_PROJECT_VERSION = 1;
				DEVELOPMENT_TEAM = W6QHM4Y43Z;
				GENERATE_INFOPLIST_FILE = YES;
				INFOPLIST_FILE = YellowIsTheNewBlack/Info.plist;
				INFOPLIST_KEY_UIApplicationSupportsIndirectInputEvents = YES;
				INFOPLIST_KEY_UILaunchStoryboardName = LaunchScreen;
				INFOPLIST_KEY_UIMainStoryboardFile = "";
				INFOPLIST_KEY_UISupportedInterfaceOrientations_iPad = "UIInterfaceOrientationPortrait UIInterfaceOrientationPortraitUpsideDown UIInterfaceOrientationLandscapeLeft UIInterfaceOrientationLandscapeRight";
				INFOPLIST_KEY_UISupportedInterfaceOrientations_iPhone = "UIInterfaceOrientationPortrait UIInterfaceOrientationLandscapeLeft UIInterfaceOrientationLandscapeRight";
				LD_RUNPATH_SEARCH_PATHS = (
					"$(inherited)",
					"@executable_path/Frameworks",
				);
				MARKETING_VERSION = 1.0;
				PRODUCT_BUNDLE_IDENTIFIER = com.enebin.YellowIsTheNewBlack;
				PRODUCT_NAME = "$(TARGET_NAME)";
				SWIFT_EMIT_LOC_STRINGS = YES;
				SWIFT_VERSION = 5.0;
				TARGETED_DEVICE_FAMILY = "1,2";
			};
			name = Debug;
		};
		9BEAA6552843825200AB77A7 /* Release */ = {
			isa = XCBuildConfiguration;
			buildSettings = {
				ASSETCATALOG_COMPILER_APPICON_NAME = AppIcon;
				ASSETCATALOG_COMPILER_GLOBAL_ACCENT_COLOR_NAME = AccentColor;
				CODE_SIGN_STYLE = Automatic;
				CURRENT_PROJECT_VERSION = 1;
				DEVELOPMENT_TEAM = W6QHM4Y43Z;
				GENERATE_INFOPLIST_FILE = YES;
				INFOPLIST_FILE = YellowIsTheNewBlack/Info.plist;
				INFOPLIST_KEY_UIApplicationSupportsIndirectInputEvents = YES;
				INFOPLIST_KEY_UILaunchStoryboardName = LaunchScreen;
				INFOPLIST_KEY_UIMainStoryboardFile = "";
				INFOPLIST_KEY_UISupportedInterfaceOrientations_iPad = "UIInterfaceOrientationPortrait UIInterfaceOrientationPortraitUpsideDown UIInterfaceOrientationLandscapeLeft UIInterfaceOrientationLandscapeRight";
				INFOPLIST_KEY_UISupportedInterfaceOrientations_iPhone = "UIInterfaceOrientationPortrait UIInterfaceOrientationLandscapeLeft UIInterfaceOrientationLandscapeRight";
				LD_RUNPATH_SEARCH_PATHS = (
					"$(inherited)",
					"@executable_path/Frameworks",
				);
				MARKETING_VERSION = 1.0;
				PRODUCT_BUNDLE_IDENTIFIER = com.enebin.YellowIsTheNewBlack;
				PRODUCT_NAME = "$(TARGET_NAME)";
				SWIFT_EMIT_LOC_STRINGS = YES;
				SWIFT_VERSION = 5.0;
				TARGETED_DEVICE_FAMILY = "1,2";
			};
			name = Release;
		};
/* End XCBuildConfiguration section */

/* Begin XCConfigurationList section */
		9BA362B32859F4DE00339D46 /* Build configuration list for PBXNativeTarget "YellowIsTheNewBlackTests" */ = {
			isa = XCConfigurationList;
			buildConfigurations = (
				9BA362B42859F4DE00339D46 /* Debug */,
				9BA362B52859F4DE00339D46 /* Release */,
			);
			defaultConfigurationIsVisible = 0;
			defaultConfigurationName = Release;
		};
		9BEAA63A2843824E00AB77A7 /* Build configuration list for PBXProject "YellowIsTheNewBlack" */ = {
			isa = XCConfigurationList;
			buildConfigurations = (
				9BEAA6512843825200AB77A7 /* Debug */,
				9BEAA6522843825200AB77A7 /* Release */,
			);
			defaultConfigurationIsVisible = 0;
			defaultConfigurationName = Release;
		};
		9BEAA6532843825200AB77A7 /* Build configuration list for PBXNativeTarget "YellowIsTheNewBlack" */ = {
			isa = XCConfigurationList;
			buildConfigurations = (
				9BEAA6542843825200AB77A7 /* Debug */,
				9BEAA6552843825200AB77A7 /* Release */,
			);
			defaultConfigurationIsVisible = 0;
			defaultConfigurationName = Release;
		};
/* End XCConfigurationList section */

/* Begin XCRemoteSwiftPackageReference section */
		9BEAA6562843828100AB77A7 /* XCRemoteSwiftPackageReference "SnapKit" */ = {
			isa = XCRemoteSwiftPackageReference;
			repositoryURL = "https://github.com/SnapKit/SnapKit";
			requirement = {
				kind = upToNextMajorVersion;
				minimumVersion = 5.0.0;
			};
		};
		9BEAA6592843829D00AB77A7 /* XCRemoteSwiftPackageReference "Then" */ = {
			isa = XCRemoteSwiftPackageReference;
			repositoryURL = "https://github.com/devxoul/Then";
			requirement = {
				kind = upToNextMajorVersion;
				minimumVersion = 3.0.0;
			};
		};
		9BEFB508285EFC8A006C526C /* XCRemoteSwiftPackageReference "RxDataSources" */ = {
			isa = XCRemoteSwiftPackageReference;
			repositoryURL = "https://github.com/RxSwiftCommunity/RxDataSources";
			requirement = {
				kind = upToNextMajorVersion;
				minimumVersion = 5.0.0;
			};
		};
		9C17CD772851C94F00486283 /* XCRemoteSwiftPackageReference "RxSwift" */ = {
			isa = XCRemoteSwiftPackageReference;
			repositoryURL = "https://github.com/ReactiveX/RxSwift";
			requirement = {
				kind = upToNextMajorVersion;
				minimumVersion = 6.0.0;
			};
		};
/* End XCRemoteSwiftPackageReference section */

/* Begin XCSwiftPackageProductDependency section */
		9BEAA6572843828100AB77A7 /* SnapKit */ = {
			isa = XCSwiftPackageProductDependency;
			package = 9BEAA6562843828100AB77A7 /* XCRemoteSwiftPackageReference "SnapKit" */;
			productName = SnapKit;
		};
		9BEAA65A2843829D00AB77A7 /* Then */ = {
			isa = XCSwiftPackageProductDependency;
			package = 9BEAA6592843829D00AB77A7 /* XCRemoteSwiftPackageReference "Then" */;
			productName = Then;
		};
		9BEFB509285EFC8A006C526C /* RxDataSources */ = {
			isa = XCSwiftPackageProductDependency;
			package = 9BEFB508285EFC8A006C526C /* XCRemoteSwiftPackageReference "RxDataSources" */;
			productName = RxDataSources;
		};
		9C17CD782851C94F00486283 /* RxCocoa */ = {
			isa = XCSwiftPackageProductDependency;
			package = 9C17CD772851C94F00486283 /* XCRemoteSwiftPackageReference "RxSwift" */;
			productName = RxCocoa;
		};
		9C17CD7A2851C94F00486283 /* RxSwift */ = {
			isa = XCSwiftPackageProductDependency;
			package = 9C17CD772851C94F00486283 /* XCRemoteSwiftPackageReference "RxSwift" */;
			productName = RxSwift;
		};
/* End XCSwiftPackageProductDependency section */
	};
	rootObject = 9BEAA6372843824E00AB77A7 /* Project object */;
}
