// !$*UTF8*$!
{
	archiveVersion = 1;
	classes = {
	};
	objectVersion = 55;
	objects = {

/* Begin PBXBuildFile section */
		072B1B9428EA96AC00E362C3 /* SettingToolBarViewController.swift in Sources */ = {isa = PBXBuildFile; fileRef = 072B1B9328EA96AC00E362C3 /* SettingToolBarViewController.swift */; };
		072B1B9628EA97C200E362C3 /* SettingButton.swift in Sources */ = {isa = PBXBuildFile; fileRef = 072B1B9528EA97C200E362C3 /* SettingButton.swift */; };
		072B1B9828EA9AC400E362C3 /* Spacer.swift in Sources */ = {isa = PBXBuildFile; fileRef = 072B1B9728EA9AC400E362C3 /* Spacer.swift */; };
		072B1B9A28EAB41500E362C3 /* BackButton.swift in Sources */ = {isa = PBXBuildFile; fileRef = 072B1B9928EAB41500E362C3 /* BackButton.swift */; };
		072B1B9E28EAC3AC00E362C3 /* SystemImageButton.swift in Sources */ = {isa = PBXBuildFile; fileRef = 072B1B9D28EAC3AC00E362C3 /* SystemImageButton.swift */; };
		072B1BA128EAE86A00E362C3 /* VideoQualityToolBarViewController.swift in Sources */ = {isa = PBXBuildFile; fileRef = 072B1BA028EAE86A00E362C3 /* VideoQualityToolBarViewController.swift */; };
		072B1BA328EAE8CA00E362C3 /* LabelButton.swift in Sources */ = {isa = PBXBuildFile; fileRef = 072B1BA228EAE8CA00E362C3 /* LabelButton.swift */; };
		0751FD5428E03BB300E01C47 /* RxDataSources in Frameworks */ = {isa = PBXBuildFile; productRef = 0751FD5328E03BB300E01C47 /* RxDataSources */; };
		0751FD5728E03BC200E01C47 /* Then in Frameworks */ = {isa = PBXBuildFile; productRef = 0751FD5628E03BC200E01C47 /* Then */; };
		0751FD5A28E03BD700E01C47 /* SnapKit in Frameworks */ = {isa = PBXBuildFile; productRef = 0751FD5928E03BD700E01C47 /* SnapKit */; };
		0751FD5D28E042D900E01C47 /* RxCocoa in Frameworks */ = {isa = PBXBuildFile; productRef = 0751FD5C28E042D900E01C47 /* RxCocoa */; };
		0751FD5F28E042D900E01C47 /* RxRelay in Frameworks */ = {isa = PBXBuildFile; productRef = 0751FD5E28E042D900E01C47 /* RxRelay */; };
		0751FD6128E042D900E01C47 /* RxSwift in Frameworks */ = {isa = PBXBuildFile; productRef = 0751FD6028E042D900E01C47 /* RxSwift */; };
		075CC74D2A26267500FC64EE /* Swoosh in Frameworks */ = {isa = PBXBuildFile; productRef = 075CC74C2A26267500FC64EE /* Swoosh */; };
		0771A52F2A1E114300D38844 /* Localizable.strings in Resources */ = {isa = PBXBuildFile; fileRef = 0771A5312A1E114300D38844 /* Localizable.strings */; };
		0771A53A2A1E122600D38844 /* Tool.swift in Sources */ = {isa = PBXBuildFile; fileRef = 0771A5392A1E122600D38844 /* Tool.swift */; };
		0771A53D2A1E1A2B00D38844 /* InfoPlist.strings in Resources */ = {isa = PBXBuildFile; fileRef = 0771A53F2A1E1A2B00D38844 /* InfoPlist.strings */; };
		077D42912920F9CF006BCD81 /* LocalStorageTests.swift in Sources */ = {isa = PBXBuildFile; fileRef = 077D42902920F9CF006BCD81 /* LocalStorageTests.swift */; };
		077D42932921005E006BCD81 /* AVCaptureSession + Extension.swift in Sources */ = {isa = PBXBuildFile; fileRef = 077D42922921005E006BCD81 /* AVCaptureSession + Extension.swift */; };
		077D429529210077006BCD81 /* AVCaptureDevice + Extension.swift in Sources */ = {isa = PBXBuildFile; fileRef = 077D429429210077006BCD81 /* AVCaptureDevice + Extension.swift */; };
		0798665828E6FA4C00E698ED /* ShutterButton.swift in Sources */ = {isa = PBXBuildFile; fileRef = 0798665728E6FA4C00E698ED /* ShutterButton.swift */; };
		0798665C28E7044E00E698ED /* CameraPreviewLayer.swift in Sources */ = {isa = PBXBuildFile; fileRef = 0798665B28E7044E00E698ED /* CameraPreviewLayer.swift */; };
		079866D728E843A900E698ED /* HapticManager.swift in Sources */ = {isa = PBXBuildFile; fileRef = 079866D628E843A900E698ED /* HapticManager.swift */; };
		07A4302128F3FA3200B6E182 /* PositionToolbalViewController.swift in Sources */ = {isa = PBXBuildFile; fileRef = 07A4302028F3FA3200B6E182 /* PositionToolbalViewController.swift */; };
		07A4302328F3FA6100B6E182 /* ToolBarItem.swift in Sources */ = {isa = PBXBuildFile; fileRef = 07A4302228F3FA6100B6E182 /* ToolBarItem.swift */; };
		07A4302528FBCFD200B6E182 /* UIView+Extension.swift in Sources */ = {isa = PBXBuildFile; fileRef = 07A4302428FBCFD200B6E182 /* UIView+Extension.swift */; };
		07DE1E6228F149180080AC0B /* MuteToolBarViewController.swift in Sources */ = {isa = PBXBuildFile; fileRef = 07DE1E6128F149180080AC0B /* MuteToolBarViewController.swift */; };
		07DE1E6E28F2E63F0080AC0B /* CustomImageButton.swift in Sources */ = {isa = PBXBuildFile; fileRef = 07DE1E6D28F2E63F0080AC0B /* CustomImageButton.swift */; };
		07DE1E7128F3ECCA0080AC0B /* GalleryCellItem.swift in Sources */ = {isa = PBXBuildFile; fileRef = 07DE1E7028F3ECCA0080AC0B /* GalleryCellItem.swift */; };
		07DE1E7328F3EDF00080AC0B /* CustomCell.swift in Sources */ = {isa = PBXBuildFile; fileRef = 07DE1E7228F3EDF00080AC0B /* CustomCell.swift */; };
		9B543AC9285C9F0100B41CB3 /* GalleryViewCell.swift in Sources */ = {isa = PBXBuildFile; fileRef = 9B543AC8285C9F0100B41CB3 /* GalleryViewCell.swift */; };
		9B543AD0285DAB1600B41CB3 /* SingleVideoSessionManager.swift in Sources */ = {isa = PBXBuildFile; fileRef = 9B543ACF285DAB1600B41CB3 /* SingleVideoSessionManager.swift */; };
		9BA3629B2859EA9900339D46 /* LoggingManager.swift in Sources */ = {isa = PBXBuildFile; fileRef = 9BA3629A2859EA9900339D46 /* LoggingManager.swift */; };
		9BA362BC285B442C00339D46 /* GalleryViewModel.swift in Sources */ = {isa = PBXBuildFile; fileRef = 9BA362BB285B442C00339D46 /* GalleryViewModel.swift */; };
		9BAF4AD32860019A00B75689 /* GallerySection.swift in Sources */ = {isa = PBXBuildFile; fileRef = 9BAF4AD22860019A00B75689 /* GallerySection.swift */; };
		9BEAA6432843824E00AB77A7 /* AppDelegate.swift in Sources */ = {isa = PBXBuildFile; fileRef = 9BEAA6422843824E00AB77A7 /* AppDelegate.swift */; };
		9BEAA6452843824E00AB77A7 /* SceneDelegate.swift in Sources */ = {isa = PBXBuildFile; fileRef = 9BEAA6442843824E00AB77A7 /* SceneDelegate.swift */; };
		9BEAA64C2843825200AB77A7 /* Assets.xcassets in Resources */ = {isa = PBXBuildFile; fileRef = 9BEAA64B2843825200AB77A7 /* Assets.xcassets */; };
		9BEAA64F2843825200AB77A7 /* LaunchScreen.storyboard in Resources */ = {isa = PBXBuildFile; fileRef = 9BEAA64D2843825200AB77A7 /* LaunchScreen.storyboard */; };
		9BEAA66128438A2500AB77A7 /* GalleryViewController.swift in Sources */ = {isa = PBXBuildFile; fileRef = 9BEAA66028438A2500AB77A7 /* GalleryViewController.swift */; };
		9BEFB4FC285DF96E006C526C /* VideoFileInformation.swift in Sources */ = {isa = PBXBuildFile; fileRef = 9BEFB4FB285DF96E006C526C /* VideoFileInformation.swift */; };
		9BEFB503285EC59C006C526C /* VideoFileManager.swift in Sources */ = {isa = PBXBuildFile; fileRef = 9BEFB502285EC59C006C526C /* VideoFileManager.swift */; };
		9BEFB505285ECFAC006C526C /* VideoFileInformationMaker.swift in Sources */ = {isa = PBXBuildFile; fileRef = 9BEFB504285ECFAC006C526C /* VideoFileInformationMaker.swift */; };
		9C0B2B4428E1B52000BD9C81 /* SettingType.swift in Sources */ = {isa = PBXBuildFile; fileRef = 9C0B2B4328E1B52000BD9C81 /* SettingType.swift */; };
		9C1482E12A1B08F2005F989D /* RotatingButton.swift in Sources */ = {isa = PBXBuildFile; fileRef = 9C1482E02A1B08F2005F989D /* RotatingButton.swift */; };
		9C27A3B72925CE3200D660AB /* Jalnan.ttf in Resources */ = {isa = PBXBuildFile; fileRef = 9C27A3B62925CE3200D660AB /* Jalnan.ttf */; };
		9C27CD2728F63DCD00F98E08 /* VideoSessionManager.swift in Sources */ = {isa = PBXBuildFile; fileRef = 9C27CD2628F63DCD00F98E08 /* VideoSessionManager.swift */; };
		9C27CD2B28F63EDC00F98E08 /* SingleVideoSessionManager+Extension.swift in Sources */ = {isa = PBXBuildFile; fileRef = 9C27CD2A28F63EDC00F98E08 /* SingleVideoSessionManager+Extension.swift */; };
		9C4093F328D825C0001533BF /* VideoAlbumManager.swift in Sources */ = {isa = PBXBuildFile; fileRef = 9C4093F228D825C0001533BF /* VideoAlbumManager.swift */; };
		9C4093F628D82A76001533BF /* VideoAlbumError.swift in Sources */ = {isa = PBXBuildFile; fileRef = 9C4093F528D82A76001533BF /* VideoAlbumError.swift */; };
		9C4093F828D842FA001533BF /* VideoAlbumSaver.swift in Sources */ = {isa = PBXBuildFile; fileRef = 9C4093F728D842FA001533BF /* VideoAlbumSaver.swift */; };
		9C4093FA28D8491C001533BF /* VideoAlbumFetcher.swift in Sources */ = {isa = PBXBuildFile; fileRef = 9C4093F928D8491C001533BF /* VideoAlbumFetcher.swift */; };
		9C64E9F228EBBF1F00FB1DBE /* VideoConfiguration.swift in Sources */ = {isa = PBXBuildFile; fileRef = 9C64E9F128EBBF1F00FB1DBE /* VideoConfiguration.swift */; };
		9C8B087E29EFC885009D1DE0 /* TimerViewController.swift in Sources */ = {isa = PBXBuildFile; fileRef = 9C8B087D29EFC885009D1DE0 /* TimerViewController.swift */; };
		9C9CA80A2853212200655A66 /* VideoRecorderConfiguration.swift in Sources */ = {isa = PBXBuildFile; fileRef = 9C9CA8092853212200655A66 /* VideoRecorderConfiguration.swift */; };
		9CB0D92928DA91BC009C2CE0 /* SettingDropdownCell.swift in Sources */ = {isa = PBXBuildFile; fileRef = 9CB0D92828DA91BC009C2CE0 /* SettingDropdownCell.swift */; };
		9CB0D92C28DA93DA009C2CE0 /* SettingCellItem.swift in Sources */ = {isa = PBXBuildFile; fileRef = 9CB0D92B28DA93DA009C2CE0 /* SettingCellItem.swift */; };
		9CB0D92E28DA93F8009C2CE0 /* CellItem.swift in Sources */ = {isa = PBXBuildFile; fileRef = 9CB0D92D28DA93F8009C2CE0 /* CellItem.swift */; };
		9CC81CDD2901155A00463823 /* Kingfisher in Frameworks */ = {isa = PBXBuildFile; productRef = 9CC81CDC2901155A00463823 /* Kingfisher */; };
		9CD4518B284F2BFB007CF311 /* VideoRecorderViewModel.swift in Sources */ = {isa = PBXBuildFile; fileRef = 9CD4518A284F2BFB007CF311 /* VideoRecorderViewModel.swift */; };
		9CD4518D284F3281007CF311 /* VideoRecorderViewController.swift in Sources */ = {isa = PBXBuildFile; fileRef = 9CD4518C284F3281007CF311 /* VideoRecorderViewController.swift */; };
		9CD4518F284F335B007CF311 /* VideoRecorderError.swift in Sources */ = {isa = PBXBuildFile; fileRef = 9CD4518E284F335B007CF311 /* VideoRecorderError.swift */; };
		9CD451992851B167007CF311 /* VideoFilePathManager.swift in Sources */ = {isa = PBXBuildFile; fileRef = 9CD451982851B167007CF311 /* VideoFilePathManager.swift */; };
		9CE6ED4628ED14870009744D /* SettingTypeViewController.swift in Sources */ = {isa = PBXBuildFile; fileRef = 9CE6ED4528ED14870009744D /* SettingTypeViewController.swift */; };
/* End PBXBuildFile section */

/* Begin PBXContainerItemProxy section */
		9BA362B12859F4DE00339D46 /* PBXContainerItemProxy */ = {
			isa = PBXContainerItemProxy;
			containerPortal = 9BEAA6372843824E00AB77A7 /* Project object */;
			proxyType = 1;
			remoteGlobalIDString = 9BEAA63E2843824E00AB77A7;
			remoteInfo = YellowIsTheNewBlack;
		};
/* End PBXContainerItemProxy section */

/* Begin PBXFileReference section */
		072B1B9328EA96AC00E362C3 /* SettingToolBarViewController.swift */ = {isa = PBXFileReference; lastKnownFileType = sourcecode.swift; path = SettingToolBarViewController.swift; sourceTree = "<group>"; };
		072B1B9528EA97C200E362C3 /* SettingButton.swift */ = {isa = PBXFileReference; lastKnownFileType = sourcecode.swift; path = SettingButton.swift; sourceTree = "<group>"; };
		072B1B9728EA9AC400E362C3 /* Spacer.swift */ = {isa = PBXFileReference; lastKnownFileType = sourcecode.swift; path = Spacer.swift; sourceTree = "<group>"; };
		072B1B9928EAB41500E362C3 /* BackButton.swift */ = {isa = PBXFileReference; lastKnownFileType = sourcecode.swift; path = BackButton.swift; sourceTree = "<group>"; };
		072B1B9D28EAC3AC00E362C3 /* SystemImageButton.swift */ = {isa = PBXFileReference; lastKnownFileType = sourcecode.swift; path = SystemImageButton.swift; sourceTree = "<group>"; };
		072B1BA028EAE86A00E362C3 /* VideoQualityToolBarViewController.swift */ = {isa = PBXFileReference; lastKnownFileType = sourcecode.swift; path = VideoQualityToolBarViewController.swift; sourceTree = "<group>"; };
		072B1BA228EAE8CA00E362C3 /* LabelButton.swift */ = {isa = PBXFileReference; lastKnownFileType = sourcecode.swift; path = LabelButton.swift; sourceTree = "<group>"; };
		075CC74B2A26118800FC64EE /* Swoosh */ = {isa = PBXFileReference; lastKnownFileType = wrapper; name = Swoosh; path = ../Swoosh/Swoosh; sourceTree = "<group>"; };
		0771A5322A1E11BC00D38844 /* ko */ = {isa = PBXFileReference; lastKnownFileType = text.plist.strings; name = ko; path = ko.lproj/LaunchScreen.strings; sourceTree = "<group>"; };
		0771A5332A1E11BC00D38844 /* ko */ = {isa = PBXFileReference; lastKnownFileType = text.plist.strings; name = ko; path = ko.lproj/Localizable.strings; sourceTree = "<group>"; };
		0771A5342A1E11C300D38844 /* ja */ = {isa = PBXFileReference; lastKnownFileType = text.plist.strings; name = ja; path = ja.lproj/LaunchScreen.strings; sourceTree = "<group>"; };
		0771A5352A1E11C300D38844 /* ja */ = {isa = PBXFileReference; lastKnownFileType = text.plist.strings; name = ja; path = ja.lproj/Localizable.strings; sourceTree = "<group>"; };
		0771A5362A1E11CE00D38844 /* zh-Hans */ = {isa = PBXFileReference; lastKnownFileType = text.plist.strings; name = "zh-Hans"; path = "zh-Hans.lproj/LaunchScreen.strings"; sourceTree = "<group>"; };
		0771A5372A1E11CE00D38844 /* zh-Hans */ = {isa = PBXFileReference; lastKnownFileType = text.plist.strings; name = "zh-Hans"; path = "zh-Hans.lproj/Localizable.strings"; sourceTree = "<group>"; };
		0771A5392A1E122600D38844 /* Tool.swift */ = {isa = PBXFileReference; lastKnownFileType = sourcecode.swift; path = Tool.swift; sourceTree = "<group>"; };
		0771A5402A1E1A3200D38844 /* zh-Hans */ = {isa = PBXFileReference; lastKnownFileType = text.plist.strings; name = "zh-Hans"; path = "zh-Hans.lproj/InfoPlist.strings"; sourceTree = "<group>"; };
		0771A5412A1E1A3200D38844 /* ja */ = {isa = PBXFileReference; lastKnownFileType = text.plist.strings; name = ja; path = ja.lproj/InfoPlist.strings; sourceTree = "<group>"; };
		0771A5422A1E1A3300D38844 /* ko */ = {isa = PBXFileReference; lastKnownFileType = text.plist.strings; name = ko; path = ko.lproj/InfoPlist.strings; sourceTree = "<group>"; };
		0771A5482A1E1EB500D38844 /* en */ = {isa = PBXFileReference; lastKnownFileType = text.plist.strings; name = en; path = en.lproj/LaunchScreen.strings; sourceTree = "<group>"; };
		0771A5492A1E1EB500D38844 /* en */ = {isa = PBXFileReference; lastKnownFileType = text.plist.strings; name = en; path = en.lproj/InfoPlist.strings; sourceTree = "<group>"; };
		0771A54A2A1E1EB500D38844 /* en */ = {isa = PBXFileReference; lastKnownFileType = text.plist.strings; name = en; path = en.lproj/Localizable.strings; sourceTree = "<group>"; };
		077A8E14292253DC002AF34B /* YellowIsTheNewBlackTests-Bridging-Header.h */ = {isa = PBXFileReference; fileEncoding = 4; lastKnownFileType = sourcecode.c.h; path = "YellowIsTheNewBlackTests-Bridging-Header.h"; sourceTree = "<group>"; };
		077D42902920F9CF006BCD81 /* LocalStorageTests.swift */ = {isa = PBXFileReference; lastKnownFileType = sourcecode.swift; path = LocalStorageTests.swift; sourceTree = "<group>"; };
		077D42922921005E006BCD81 /* AVCaptureSession + Extension.swift */ = {isa = PBXFileReference; lastKnownFileType = sourcecode.swift; path = "AVCaptureSession + Extension.swift"; sourceTree = "<group>"; };
		077D429429210077006BCD81 /* AVCaptureDevice + Extension.swift */ = {isa = PBXFileReference; lastKnownFileType = sourcecode.swift; path = "AVCaptureDevice + Extension.swift"; sourceTree = "<group>"; };
		0798665728E6FA4C00E698ED /* ShutterButton.swift */ = {isa = PBXFileReference; lastKnownFileType = sourcecode.swift; path = ShutterButton.swift; sourceTree = "<group>"; };
		0798665B28E7044E00E698ED /* CameraPreviewLayer.swift */ = {isa = PBXFileReference; lastKnownFileType = sourcecode.swift; path = CameraPreviewLayer.swift; sourceTree = "<group>"; };
		079866D628E843A900E698ED /* HapticManager.swift */ = {isa = PBXFileReference; lastKnownFileType = sourcecode.swift; path = HapticManager.swift; sourceTree = "<group>"; };
		07A4302028F3FA3200B6E182 /* PositionToolbalViewController.swift */ = {isa = PBXFileReference; lastKnownFileType = sourcecode.swift; path = PositionToolbalViewController.swift; sourceTree = "<group>"; };
		07A4302228F3FA6100B6E182 /* ToolBarItem.swift */ = {isa = PBXFileReference; lastKnownFileType = sourcecode.swift; path = ToolBarItem.swift; sourceTree = "<group>"; };
		07A4302428FBCFD200B6E182 /* UIView+Extension.swift */ = {isa = PBXFileReference; lastKnownFileType = sourcecode.swift; path = "UIView+Extension.swift"; sourceTree = "<group>"; };
		07DE1E6128F149180080AC0B /* MuteToolBarViewController.swift */ = {isa = PBXFileReference; lastKnownFileType = sourcecode.swift; path = MuteToolBarViewController.swift; sourceTree = "<group>"; };
		07DE1E6D28F2E63F0080AC0B /* CustomImageButton.swift */ = {isa = PBXFileReference; lastKnownFileType = sourcecode.swift; path = CustomImageButton.swift; sourceTree = "<group>"; };
		07DE1E7028F3ECCA0080AC0B /* GalleryCellItem.swift */ = {isa = PBXFileReference; lastKnownFileType = sourcecode.swift; path = GalleryCellItem.swift; sourceTree = "<group>"; };
		07DE1E7228F3EDF00080AC0B /* CustomCell.swift */ = {isa = PBXFileReference; lastKnownFileType = sourcecode.swift; path = CustomCell.swift; sourceTree = "<group>"; };
		9B543AC8285C9F0100B41CB3 /* GalleryViewCell.swift */ = {isa = PBXFileReference; lastKnownFileType = sourcecode.swift; path = GalleryViewCell.swift; sourceTree = "<group>"; };
		9B543ACF285DAB1600B41CB3 /* SingleVideoSessionManager.swift */ = {isa = PBXFileReference; lastKnownFileType = sourcecode.swift; path = SingleVideoSessionManager.swift; sourceTree = "<group>"; };
		9BA3629A2859EA9900339D46 /* LoggingManager.swift */ = {isa = PBXFileReference; lastKnownFileType = sourcecode.swift; path = LoggingManager.swift; sourceTree = "<group>"; };
		9BA362AD2859F4DE00339D46 /* YellowIsTheNewBlackTests.xctest */ = {isa = PBXFileReference; explicitFileType = wrapper.cfbundle; includeInIndex = 0; path = YellowIsTheNewBlackTests.xctest; sourceTree = BUILT_PRODUCTS_DIR; };
		9BA362BB285B442C00339D46 /* GalleryViewModel.swift */ = {isa = PBXFileReference; lastKnownFileType = sourcecode.swift; path = GalleryViewModel.swift; sourceTree = "<group>"; };
		9BAF4AD22860019A00B75689 /* GallerySection.swift */ = {isa = PBXFileReference; lastKnownFileType = sourcecode.swift; path = GallerySection.swift; sourceTree = "<group>"; };
		9BEAA63F2843824E00AB77A7 /* YellowIsTheNewBlack.app */ = {isa = PBXFileReference; explicitFileType = wrapper.application; includeInIndex = 0; path = YellowIsTheNewBlack.app; sourceTree = BUILT_PRODUCTS_DIR; };
		9BEAA6422843824E00AB77A7 /* AppDelegate.swift */ = {isa = PBXFileReference; lastKnownFileType = sourcecode.swift; path = AppDelegate.swift; sourceTree = "<group>"; };
		9BEAA6442843824E00AB77A7 /* SceneDelegate.swift */ = {isa = PBXFileReference; lastKnownFileType = sourcecode.swift; path = SceneDelegate.swift; sourceTree = "<group>"; };
		9BEAA64B2843825200AB77A7 /* Assets.xcassets */ = {isa = PBXFileReference; lastKnownFileType = folder.assetcatalog; path = Assets.xcassets; sourceTree = "<group>"; };
		9BEAA64E2843825200AB77A7 /* Base */ = {isa = PBXFileReference; lastKnownFileType = file.storyboard; name = Base; path = Base.lproj/LaunchScreen.storyboard; sourceTree = "<group>"; };
		9BEAA6502843825200AB77A7 /* Info.plist */ = {isa = PBXFileReference; lastKnownFileType = text.plist.xml; path = Info.plist; sourceTree = "<group>"; };
		9BEAA66028438A2500AB77A7 /* GalleryViewController.swift */ = {isa = PBXFileReference; lastKnownFileType = sourcecode.swift; path = GalleryViewController.swift; sourceTree = "<group>"; };
		9BEFB4FB285DF96E006C526C /* VideoFileInformation.swift */ = {isa = PBXFileReference; lastKnownFileType = sourcecode.swift; path = VideoFileInformation.swift; sourceTree = "<group>"; };
		9BEFB502285EC59C006C526C /* VideoFileManager.swift */ = {isa = PBXFileReference; lastKnownFileType = sourcecode.swift; path = VideoFileManager.swift; sourceTree = "<group>"; };
		9BEFB504285ECFAC006C526C /* VideoFileInformationMaker.swift */ = {isa = PBXFileReference; lastKnownFileType = sourcecode.swift; path = VideoFileInformationMaker.swift; sourceTree = "<group>"; };
		9C0B2B4328E1B52000BD9C81 /* SettingType.swift */ = {isa = PBXFileReference; lastKnownFileType = sourcecode.swift; path = SettingType.swift; sourceTree = "<group>"; };
		9C1482E02A1B08F2005F989D /* RotatingButton.swift */ = {isa = PBXFileReference; lastKnownFileType = sourcecode.swift; path = RotatingButton.swift; sourceTree = "<group>"; };
		9C27A3B62925CE3200D660AB /* Jalnan.ttf */ = {isa = PBXFileReference; lastKnownFileType = file; path = Jalnan.ttf; sourceTree = "<group>"; };
		9C27CD2628F63DCD00F98E08 /* VideoSessionManager.swift */ = {isa = PBXFileReference; lastKnownFileType = sourcecode.swift; path = VideoSessionManager.swift; sourceTree = "<group>"; };
		9C27CD2A28F63EDC00F98E08 /* SingleVideoSessionManager+Extension.swift */ = {isa = PBXFileReference; lastKnownFileType = sourcecode.swift; path = "SingleVideoSessionManager+Extension.swift"; sourceTree = "<group>"; };
		9C4093F228D825C0001533BF /* VideoAlbumManager.swift */ = {isa = PBXFileReference; lastKnownFileType = sourcecode.swift; path = VideoAlbumManager.swift; sourceTree = "<group>"; };
		9C4093F528D82A76001533BF /* VideoAlbumError.swift */ = {isa = PBXFileReference; lastKnownFileType = sourcecode.swift; path = VideoAlbumError.swift; sourceTree = "<group>"; };
		9C4093F728D842FA001533BF /* VideoAlbumSaver.swift */ = {isa = PBXFileReference; lastKnownFileType = sourcecode.swift; path = VideoAlbumSaver.swift; sourceTree = "<group>"; };
		9C4093F928D8491C001533BF /* VideoAlbumFetcher.swift */ = {isa = PBXFileReference; lastKnownFileType = sourcecode.swift; path = VideoAlbumFetcher.swift; sourceTree = "<group>"; };
		9C64E9F128EBBF1F00FB1DBE /* VideoConfiguration.swift */ = {isa = PBXFileReference; lastKnownFileType = sourcecode.swift; path = VideoConfiguration.swift; sourceTree = "<group>"; };
		9C8B087D29EFC885009D1DE0 /* TimerViewController.swift */ = {isa = PBXFileReference; lastKnownFileType = sourcecode.swift; path = TimerViewController.swift; sourceTree = "<group>"; };
		9C9CA8092853212200655A66 /* VideoRecorderConfiguration.swift */ = {isa = PBXFileReference; lastKnownFileType = sourcecode.swift; path = VideoRecorderConfiguration.swift; sourceTree = "<group>"; };
		9CB0D92828DA91BC009C2CE0 /* SettingDropdownCell.swift */ = {isa = PBXFileReference; lastKnownFileType = sourcecode.swift; path = SettingDropdownCell.swift; sourceTree = "<group>"; };
		9CB0D92B28DA93DA009C2CE0 /* SettingCellItem.swift */ = {isa = PBXFileReference; lastKnownFileType = sourcecode.swift; path = SettingCellItem.swift; sourceTree = "<group>"; };
		9CB0D92D28DA93F8009C2CE0 /* CellItem.swift */ = {isa = PBXFileReference; lastKnownFileType = sourcecode.swift; path = CellItem.swift; sourceTree = "<group>"; };
		9CD4518A284F2BFB007CF311 /* VideoRecorderViewModel.swift */ = {isa = PBXFileReference; lastKnownFileType = sourcecode.swift; path = VideoRecorderViewModel.swift; sourceTree = "<group>"; };
		9CD4518C284F3281007CF311 /* VideoRecorderViewController.swift */ = {isa = PBXFileReference; lastKnownFileType = sourcecode.swift; path = VideoRecorderViewController.swift; sourceTree = "<group>"; };
		9CD4518E284F335B007CF311 /* VideoRecorderError.swift */ = {isa = PBXFileReference; lastKnownFileType = sourcecode.swift; path = VideoRecorderError.swift; sourceTree = "<group>"; };
		9CD451982851B167007CF311 /* VideoFilePathManager.swift */ = {isa = PBXFileReference; lastKnownFileType = sourcecode.swift; path = VideoFilePathManager.swift; sourceTree = "<group>"; };
		9CE6ED4528ED14870009744D /* SettingTypeViewController.swift */ = {isa = PBXFileReference; lastKnownFileType = sourcecode.swift; path = SettingTypeViewController.swift; sourceTree = "<group>"; };
/* End PBXFileReference section */

/* Begin PBXFrameworksBuildPhase section */
		9BA362AA2859F4DE00339D46 /* Frameworks */ = {
			isa = PBXFrameworksBuildPhase;
			buildActionMask = 2147483647;
			files = (
			);
			runOnlyForDeploymentPostprocessing = 0;
		};
		9BEAA63C2843824E00AB77A7 /* Frameworks */ = {
			isa = PBXFrameworksBuildPhase;
			buildActionMask = 2147483647;
			files = (
				0751FD6128E042D900E01C47 /* RxSwift in Frameworks */,
				075CC74D2A26267500FC64EE /* Swoosh in Frameworks */,
				0751FD5F28E042D900E01C47 /* RxRelay in Frameworks */,
				9CC81CDD2901155A00463823 /* Kingfisher in Frameworks */,
				0751FD5728E03BC200E01C47 /* Then in Frameworks */,
				0751FD5A28E03BD700E01C47 /* SnapKit in Frameworks */,
				0751FD5D28E042D900E01C47 /* RxCocoa in Frameworks */,
				0751FD5428E03BB300E01C47 /* RxDataSources in Frameworks */,
			);
			runOnlyForDeploymentPostprocessing = 0;
		};
/* End PBXFrameworksBuildPhase section */

/* Begin PBXGroup section */
		072B1B9F28EAE84F00E362C3 /* Video quality */ = {
			isa = PBXGroup;
			children = (
				072B1BA028EAE86A00E362C3 /* VideoQualityToolBarViewController.swift */,
			);
			path = "Video quality";
			sourceTree = "<group>";
		};
		075CC74A2A26118800FC64EE /* Packages */ = {
			isa = PBXGroup;
			children = (
				075CC74B2A26118800FC64EE /* Swoosh */,
			);
			name = Packages;
			sourceTree = "<group>";
		};
		0771A5382A1E121700D38844 /* Localization */ = {
			isa = PBXGroup;
			children = (
				0771A53F2A1E1A2B00D38844 /* InfoPlist.strings */,
				0771A5312A1E114300D38844 /* Localizable.strings */,
				0771A5392A1E122600D38844 /* Tool.swift */,
			);
			path = Localization;
			sourceTree = "<group>";
		};
		079629FC2A1F753D006DA94B /* Camera */ = {
			isa = PBXGroup;
			children = (
				079629FD2A1F7626006DA94B /* AVFoundation */,
				079629FE2A1F764B006DA94B /* Session */,
				9C27CD2C28F63F4F00F98E08 /* Error */,
				9C4093FB28D84935001533BF /* Album */,
				9BEFB4FF285DFBE4006C526C /* File */,
			);
			path = Camera;
			sourceTree = "<group>";
		};
		079629FD2A1F7626006DA94B /* AVFoundation */ = {
			isa = PBXGroup;
			children = (
				077D42922921005E006BCD81 /* AVCaptureSession + Extension.swift */,
				077D429429210077006BCD81 /* AVCaptureDevice + Extension.swift */,
			);
			path = AVFoundation;
			sourceTree = "<group>";
		};
		079629FE2A1F764B006DA94B /* Session */ = {
			isa = PBXGroup;
			children = (
				9C9CA8092853212200655A66 /* VideoRecorderConfiguration.swift */,
				9C27CD2628F63DCD00F98E08 /* VideoSessionManager.swift */,
				9B543ACF285DAB1600B41CB3 /* SingleVideoSessionManager.swift */,
				9C27CD2A28F63EDC00F98E08 /* SingleVideoSessionManager+Extension.swift */,
			);
			path = Session;
			sourceTree = "<group>";
		};
		079629FF2A1F768E006DA94B /* SubVC */ = {
			isa = PBXGroup;
			children = (
				07DE1E6028F148F80080AC0B /* Mute */,
				07DE1E7428F3F9BE0080AC0B /* Position */,
				072B1B9F28EAE84F00E362C3 /* Video quality */,
			);
			path = SubVC;
			sourceTree = "<group>";
		};
		0798665628E6FA3E00E698ED /* Common */ = {
			isa = PBXGroup;
			children = (
				9C8B087D29EFC885009D1DE0 /* TimerViewController.swift */,
				072B1B9728EA9AC400E362C3 /* Spacer.swift */,
				07A4302428FBCFD200B6E182 /* UIView+Extension.swift */,
				0798665928E7015D00E698ED /* Button */,
				0798665A28E7016200E698ED /* Camera */,
			);
			path = Common;
			sourceTree = "<group>";
		};
		0798665928E7015D00E698ED /* Button */ = {
			isa = PBXGroup;
			children = (
				9C1482DF2A1B08E8005F989D /* Super */,
				0798665728E6FA4C00E698ED /* ShutterButton.swift */,
				072B1B9928EAB41500E362C3 /* BackButton.swift */,
				072B1B9528EA97C200E362C3 /* SettingButton.swift */,
				072B1B9D28EAC3AC00E362C3 /* SystemImageButton.swift */,
				072B1BA228EAE8CA00E362C3 /* LabelButton.swift */,
				07DE1E6D28F2E63F0080AC0B /* CustomImageButton.swift */,
			);
			path = Button;
			sourceTree = "<group>";
		};
		0798665A28E7016200E698ED /* Camera */ = {
			isa = PBXGroup;
			children = (
				0798665B28E7044E00E698ED /* CameraPreviewLayer.swift */,
			);
			path = Camera;
			sourceTree = "<group>";
		};
		07DE1E6028F148F80080AC0B /* Mute */ = {
			isa = PBXGroup;
			children = (
				07DE1E6128F149180080AC0B /* MuteToolBarViewController.swift */,
			);
			path = Mute;
			sourceTree = "<group>";
		};
		07DE1E6F28F3ECAE0080AC0B /* Cell */ = {
			isa = PBXGroup;
			children = (
				9BAF4AD22860019A00B75689 /* GallerySection.swift */,
				9B543AC8285C9F0100B41CB3 /* GalleryViewCell.swift */,
				07DE1E7028F3ECCA0080AC0B /* GalleryCellItem.swift */,
			);
			path = Cell;
			sourceTree = "<group>";
		};
		07DE1E7428F3F9BE0080AC0B /* Position */ = {
			isa = PBXGroup;
			children = (
				07A4302028F3FA3200B6E182 /* PositionToolbalViewController.swift */,
			);
			path = Position;
			sourceTree = "<group>";
		};
		9B51E6402866EF8500D3BB82 /* Setting */ = {
			isa = PBXGroup;
			children = (
				079629FF2A1F768E006DA94B /* SubVC */,
				9C0B2B4328E1B52000BD9C81 /* SettingType.swift */,
				072B1B9328EA96AC00E362C3 /* SettingToolBarViewController.swift */,
				9CE6ED4528ED14870009744D /* SettingTypeViewController.swift */,
				9CB0D92A28DA91C3009C2CE0 /* Cell */,
			);
			path = Setting;
			sourceTree = "<group>";
		};
		9B543AC4285C970100B41CB3 /* Frameworks */ = {
			isa = PBXGroup;
			children = (
			);
			name = Frameworks;
			sourceTree = "<group>";
		};
		9BA362992859EA8900339D46 /* Common */ = {
			isa = PBXGroup;
			children = (
				9BA3629A2859EA9900339D46 /* LoggingManager.swift */,
				079866D628E843A900E698ED /* HapticManager.swift */,
			);
			path = Common;
			sourceTree = "<group>";
		};
		9BA362AE2859F4DE00339D46 /* YellowIsTheNewBlackTests */ = {
			isa = PBXGroup;
			children = (
				077A8E14292253DC002AF34B /* YellowIsTheNewBlackTests-Bridging-Header.h */,
				077D42902920F9CF006BCD81 /* LocalStorageTests.swift */,
			);
			path = YellowIsTheNewBlackTests;
			sourceTree = "<group>";
		};
		9BA362BD285B464100339D46 /* Gallery */ = {
			isa = PBXGroup;
			children = (
				9BEAA66028438A2500AB77A7 /* GalleryViewController.swift */,
				9BA362BB285B442C00339D46 /* GalleryViewModel.swift */,
				07DE1E6F28F3ECAE0080AC0B /* Cell */,
			);
			path = Gallery;
			sourceTree = "<group>";
		};
		9BEAA6362843824E00AB77A7 = {
			isa = PBXGroup;
			children = (
				075CC74A2A26118800FC64EE /* Packages */,
				9BEAA6412843824E00AB77A7 /* YellowIsTheNewBlack */,
				9BA362AE2859F4DE00339D46 /* YellowIsTheNewBlackTests */,
				9BEAA6402843824E00AB77A7 /* Products */,
				9B543AC4285C970100B41CB3 /* Frameworks */,
			);
			sourceTree = "<group>";
		};
		9BEAA6402843824E00AB77A7 /* Products */ = {
			isa = PBXGroup;
			children = (
				9BEAA63F2843824E00AB77A7 /* YellowIsTheNewBlack.app */,
				9BA362AD2859F4DE00339D46 /* YellowIsTheNewBlackTests.xctest */,
			);
			name = Products;
			sourceTree = "<group>";
		};
		9BEAA6412843824E00AB77A7 /* YellowIsTheNewBlack */ = {
			isa = PBXGroup;
			children = (
				9C27A3B42925CD8D00D660AB /* Resources */,
				9C4093EC28D7EF80001533BF /* Sources */,
				9BEAA6502843825200AB77A7 /* Info.plist */,
				9BEAA6422843824E00AB77A7 /* AppDelegate.swift */,
				9BEAA6442843824E00AB77A7 /* SceneDelegate.swift */,
				9BEAA64B2843825200AB77A7 /* Assets.xcassets */,
				9BEAA64D2843825200AB77A7 /* LaunchScreen.storyboard */,
			);
			path = YellowIsTheNewBlack;
			sourceTree = "<group>";
		};
		9BEFB4FF285DFBE4006C526C /* File */ = {
			isa = PBXGroup;
			children = (
				9BEFB4FB285DF96E006C526C /* VideoFileInformation.swift */,
				9BEFB504285ECFAC006C526C /* VideoFileInformationMaker.swift */,
				9CD451982851B167007CF311 /* VideoFilePathManager.swift */,
				9BEFB502285EC59C006C526C /* VideoFileManager.swift */,
			);
			path = File;
			sourceTree = "<group>";
		};
		9C1482DF2A1B08E8005F989D /* Super */ = {
			isa = PBXGroup;
			children = (
				9C1482E02A1B08F2005F989D /* RotatingButton.swift */,
			);
			path = Super;
			sourceTree = "<group>";
		};
		9C27A3B42925CD8D00D660AB /* Resources */ = {
			isa = PBXGroup;
			children = (
				0771A5382A1E121700D38844 /* Localization */,
				9C27A3B52925CE3200D660AB /* Font */,
			);
			path = Resources;
			sourceTree = "<group>";
		};
		9C27A3B52925CE3200D660AB /* Font */ = {
			isa = PBXGroup;
			children = (
				9C27A3B62925CE3200D660AB /* Jalnan.ttf */,
			);
			path = Font;
			sourceTree = "<group>";
		};
		9C27CD2C28F63F4F00F98E08 /* Error */ = {
			isa = PBXGroup;
			children = (
				9CD4518E284F335B007CF311 /* VideoRecorderError.swift */,
			);
			path = Error;
			sourceTree = "<group>";
		};
		9C4093EC28D7EF80001533BF /* Sources */ = {
			isa = PBXGroup;
			children = (
				9C8B087B29EFC808009D1DE0 /* View */,
				9C4093ED28D7EF8B001533BF /* Utils */,
			);
			path = Sources;
			sourceTree = "<group>";
		};
		9C4093ED28D7EF8B001533BF /* Utils */ = {
			isa = PBXGroup;
			children = (
				9C4093F428D825C9001533BF /* Protocol */,
				079629FC2A1F753D006DA94B /* Camera */,
				9BA362992859EA8900339D46 /* Common */,
			);
			path = Utils;
			sourceTree = "<group>";
		};
		9C4093F428D825C9001533BF /* Protocol */ = {
			isa = PBXGroup;
			children = (
				9C64E9F128EBBF1F00FB1DBE /* VideoConfiguration.swift */,
				9CB0D92D28DA93F8009C2CE0 /* CellItem.swift */,
				07DE1E7228F3EDF00080AC0B /* CustomCell.swift */,
				07A4302228F3FA6100B6E182 /* ToolBarItem.swift */,
			);
			path = Protocol;
			sourceTree = "<group>";
		};
		9C4093FB28D84935001533BF /* Album */ = {
			isa = PBXGroup;
			children = (
				9C4093F528D82A76001533BF /* VideoAlbumError.swift */,
				9C4093F228D825C0001533BF /* VideoAlbumManager.swift */,
				9C4093F728D842FA001533BF /* VideoAlbumSaver.swift */,
				9C4093F928D8491C001533BF /* VideoAlbumFetcher.swift */,
			);
			path = Album;
			sourceTree = "<group>";
		};
		9C8B087B29EFC808009D1DE0 /* View */ = {
			isa = PBXGroup;
			children = (
				0798665628E6FA3E00E698ED /* Common */,
				9CD45189284F2BE9007CF311 /* Main */,
				9BA362BD285B464100339D46 /* Gallery */,
				9B51E6402866EF8500D3BB82 /* Setting */,
			);
			path = View;
			sourceTree = "<group>";
		};
		9CB0D92A28DA91C3009C2CE0 /* Cell */ = {
			isa = PBXGroup;
			children = (
				9CB0D92828DA91BC009C2CE0 /* SettingDropdownCell.swift */,
				9CB0D92B28DA93DA009C2CE0 /* SettingCellItem.swift */,
			);
			path = Cell;
			sourceTree = "<group>";
		};
		9CD45189284F2BE9007CF311 /* Main */ = {
			isa = PBXGroup;
			children = (
				9CD4518C284F3281007CF311 /* VideoRecorderViewController.swift */,
				9CD4518A284F2BFB007CF311 /* VideoRecorderViewModel.swift */,
			);
			path = Main;
			sourceTree = "<group>";
		};
/* End PBXGroup section */

/* Begin PBXNativeTarget section */
		9BA362AC2859F4DE00339D46 /* YellowIsTheNewBlackTests */ = {
			isa = PBXNativeTarget;
			buildConfigurationList = 9BA362B32859F4DE00339D46 /* Build configuration list for PBXNativeTarget "YellowIsTheNewBlackTests" */;
			buildPhases = (
				9BA362A92859F4DE00339D46 /* Sources */,
				9BA362AA2859F4DE00339D46 /* Frameworks */,
				9BA362AB2859F4DE00339D46 /* Resources */,
			);
			buildRules = (
			);
			dependencies = (
				9BA362B22859F4DE00339D46 /* PBXTargetDependency */,
			);
			name = YellowIsTheNewBlackTests;
			productName = YellowIsTheNewBlackTests;
			productReference = 9BA362AD2859F4DE00339D46 /* YellowIsTheNewBlackTests.xctest */;
			productType = "com.apple.product-type.bundle.unit-test";
		};
		9BEAA63E2843824E00AB77A7 /* YellowIsTheNewBlack */ = {
			isa = PBXNativeTarget;
			buildConfigurationList = 9BEAA6532843825200AB77A7 /* Build configuration list for PBXNativeTarget "YellowIsTheNewBlack" */;
			buildPhases = (
				9BEAA63B2843824E00AB77A7 /* Sources */,
				9BEAA63C2843824E00AB77A7 /* Frameworks */,
				9BEAA63D2843824E00AB77A7 /* Resources */,
			);
			buildRules = (
			);
			dependencies = (
			);
			name = YellowIsTheNewBlack;
			packageProductDependencies = (
				0751FD5328E03BB300E01C47 /* RxDataSources */,
				0751FD5628E03BC200E01C47 /* Then */,
				0751FD5928E03BD700E01C47 /* SnapKit */,
				0751FD5C28E042D900E01C47 /* RxCocoa */,
				0751FD5E28E042D900E01C47 /* RxRelay */,
				0751FD6028E042D900E01C47 /* RxSwift */,
				9CC81CDC2901155A00463823 /* Kingfisher */,
				075CC74C2A26267500FC64EE /* Swoosh */,
			);
			productName = YellowIsTheNewBlack;
			productReference = 9BEAA63F2843824E00AB77A7 /* YellowIsTheNewBlack.app */;
			productType = "com.apple.product-type.application";
		};
/* End PBXNativeTarget section */

/* Begin PBXProject section */
		9BEAA6372843824E00AB77A7 /* Project object */ = {
			isa = PBXProject;
			attributes = {
				BuildIndependentTargetsInParallel = 1;
				LastSwiftUpdateCheck = 1340;
				LastUpgradeCheck = 1340;
				TargetAttributes = {
					9BA362AC2859F4DE00339D46 = {
						CreatedOnToolsVersion = 13.4;
						LastSwiftMigration = 1340;
						TestTargetID = 9BEAA63E2843824E00AB77A7;
					};
					9BEAA63E2843824E00AB77A7 = {
						CreatedOnToolsVersion = 13.4;
					};
				};
			};
			buildConfigurationList = 9BEAA63A2843824E00AB77A7 /* Build configuration list for PBXProject "YellowIsTheNewBlack" */;
			compatibilityVersion = "Xcode 13.0";
			developmentRegion = en;
			hasScannedForEncodings = 0;
			knownRegions = (
				Base,
				ko,
				ja,
				"zh-Hans",
				en,
			);
			mainGroup = 9BEAA6362843824E00AB77A7;
			packageReferences = (
				0751FD5228E03BB300E01C47 /* XCRemoteSwiftPackageReference "RxDataSources" */,
				0751FD5528E03BC200E01C47 /* XCRemoteSwiftPackageReference "Then" */,
				0751FD5828E03BD700E01C47 /* XCRemoteSwiftPackageReference "SnapKit" */,
				0751FD5B28E042D900E01C47 /* XCRemoteSwiftPackageReference "RxSwift" */,
				9CC81CDB2901155A00463823 /* XCRemoteSwiftPackageReference "Kingfisher" */,
			);
			productRefGroup = 9BEAA6402843824E00AB77A7 /* Products */;
			projectDirPath = "";
			projectRoot = "";
			targets = (
				9BEAA63E2843824E00AB77A7 /* YellowIsTheNewBlack */,
				9BA362AC2859F4DE00339D46 /* YellowIsTheNewBlackTests */,
			);
		};
/* End PBXProject section */

/* Begin PBXResourcesBuildPhase section */
		9BA362AB2859F4DE00339D46 /* Resources */ = {
			isa = PBXResourcesBuildPhase;
			buildActionMask = 2147483647;
			files = (
			);
			runOnlyForDeploymentPostprocessing = 0;
		};
		9BEAA63D2843824E00AB77A7 /* Resources */ = {
			isa = PBXResourcesBuildPhase;
			buildActionMask = 2147483647;
			files = (
				9C27A3B72925CE3200D660AB /* Jalnan.ttf in Resources */,
				0771A52F2A1E114300D38844 /* Localizable.strings in Resources */,
				9BEAA64F2843825200AB77A7 /* LaunchScreen.storyboard in Resources */,
				9BEAA64C2843825200AB77A7 /* Assets.xcassets in Resources */,
				0771A53D2A1E1A2B00D38844 /* InfoPlist.strings in Resources */,
			);
			runOnlyForDeploymentPostprocessing = 0;
		};
/* End PBXResourcesBuildPhase section */

/* Begin PBXSourcesBuildPhase section */
		9BA362A92859F4DE00339D46 /* Sources */ = {
			isa = PBXSourcesBuildPhase;
			buildActionMask = 2147483647;
			files = (
				077D42912920F9CF006BCD81 /* LocalStorageTests.swift in Sources */,
			);
			runOnlyForDeploymentPostprocessing = 0;
		};
		9BEAA63B2843824E00AB77A7 /* Sources */ = {
			isa = PBXSourcesBuildPhase;
			buildActionMask = 2147483647;
			files = (
				9C8B087E29EFC885009D1DE0 /* TimerViewController.swift in Sources */,
				072B1B9E28EAC3AC00E362C3 /* SystemImageButton.swift in Sources */,
				9CD4518D284F3281007CF311 /* VideoRecorderViewController.swift in Sources */,
				9C64E9F228EBBF1F00FB1DBE /* VideoConfiguration.swift in Sources */,
				072B1B9428EA96AC00E362C3 /* SettingToolBarViewController.swift in Sources */,
				9BA362BC285B442C00339D46 /* GalleryViewModel.swift in Sources */,
				07DE1E6228F149180080AC0B /* MuteToolBarViewController.swift in Sources */,
				079866D728E843A900E698ED /* HapticManager.swift in Sources */,
				9BA3629B2859EA9900339D46 /* LoggingManager.swift in Sources */,
				072B1B9828EA9AC400E362C3 /* Spacer.swift in Sources */,
				072B1BA328EAE8CA00E362C3 /* LabelButton.swift in Sources */,
				9C27CD2728F63DCD00F98E08 /* VideoSessionManager.swift in Sources */,
				9CB0D92928DA91BC009C2CE0 /* SettingDropdownCell.swift in Sources */,
				9BEFB503285EC59C006C526C /* VideoFileManager.swift in Sources */,
				9C4093F628D82A76001533BF /* VideoAlbumError.swift in Sources */,
				9CD4518F284F335B007CF311 /* VideoRecorderError.swift in Sources */,
				077D42932921005E006BCD81 /* AVCaptureSession + Extension.swift in Sources */,
				9C9CA80A2853212200655A66 /* VideoRecorderConfiguration.swift in Sources */,
				07A4302328F3FA6100B6E182 /* ToolBarItem.swift in Sources */,
				9CB0D92E28DA93F8009C2CE0 /* CellItem.swift in Sources */,
				9BAF4AD32860019A00B75689 /* GallerySection.swift in Sources */,
				9CD451992851B167007CF311 /* VideoFilePathManager.swift in Sources */,
				9C1482E12A1B08F2005F989D /* RotatingButton.swift in Sources */,
				0771A53A2A1E122600D38844 /* Tool.swift in Sources */,
				9CE6ED4628ED14870009744D /* SettingTypeViewController.swift in Sources */,
				9BEFB505285ECFAC006C526C /* VideoFileInformationMaker.swift in Sources */,
				9BEFB4FC285DF96E006C526C /* VideoFileInformation.swift in Sources */,
				07A4302128F3FA3200B6E182 /* PositionToolbalViewController.swift in Sources */,
				072B1BA128EAE86A00E362C3 /* VideoQualityToolBarViewController.swift in Sources */,
				9C27CD2B28F63EDC00F98E08 /* SingleVideoSessionManager+Extension.swift in Sources */,
				072B1B9A28EAB41500E362C3 /* BackButton.swift in Sources */,
				07A4302528FBCFD200B6E182 /* UIView+Extension.swift in Sources */,
				07DE1E7128F3ECCA0080AC0B /* GalleryCellItem.swift in Sources */,
				9BEAA66128438A2500AB77A7 /* GalleryViewController.swift in Sources */,
				9B543AC9285C9F0100B41CB3 /* GalleryViewCell.swift in Sources */,
				072B1B9628EA97C200E362C3 /* SettingButton.swift in Sources */,
				07DE1E7328F3EDF00080AC0B /* CustomCell.swift in Sources */,
				07DE1E6E28F2E63F0080AC0B /* CustomImageButton.swift in Sources */,
				9CD4518B284F2BFB007CF311 /* VideoRecorderViewModel.swift in Sources */,
				0798665C28E7044E00E698ED /* CameraPreviewLayer.swift in Sources */,
				9C4093F328D825C0001533BF /* VideoAlbumManager.swift in Sources */,
				077D429529210077006BCD81 /* AVCaptureDevice + Extension.swift in Sources */,
				0798665828E6FA4C00E698ED /* ShutterButton.swift in Sources */,
				9CB0D92C28DA93DA009C2CE0 /* SettingCellItem.swift in Sources */,
				9C4093FA28D8491C001533BF /* VideoAlbumFetcher.swift in Sources */,
				9C0B2B4428E1B52000BD9C81 /* SettingType.swift in Sources */,
				9BEAA6432843824E00AB77A7 /* AppDelegate.swift in Sources */,
				9C4093F828D842FA001533BF /* VideoAlbumSaver.swift in Sources */,
				9B543AD0285DAB1600B41CB3 /* SingleVideoSessionManager.swift in Sources */,
				9BEAA6452843824E00AB77A7 /* SceneDelegate.swift in Sources */,
			);
			runOnlyForDeploymentPostprocessing = 0;
		};
/* End PBXSourcesBuildPhase section */

/* Begin PBXTargetDependency section */
		9BA362B22859F4DE00339D46 /* PBXTargetDependency */ = {
			isa = PBXTargetDependency;
			target = 9BEAA63E2843824E00AB77A7 /* YellowIsTheNewBlack */;
			targetProxy = 9BA362B12859F4DE00339D46 /* PBXContainerItemProxy */;
		};
/* End PBXTargetDependency section */

/* Begin PBXVariantGroup section */
		0771A5312A1E114300D38844 /* Localizable.strings */ = {
			isa = PBXVariantGroup;
			children = (
				0771A5332A1E11BC00D38844 /* ko */,
				0771A5352A1E11C300D38844 /* ja */,
				0771A5372A1E11CE00D38844 /* zh-Hans */,
				0771A54A2A1E1EB500D38844 /* en */,
			);
			name = Localizable.strings;
			sourceTree = "<group>";
		};
		0771A53F2A1E1A2B00D38844 /* InfoPlist.strings */ = {
			isa = PBXVariantGroup;
			children = (
				0771A5402A1E1A3200D38844 /* zh-Hans */,
				0771A5412A1E1A3200D38844 /* ja */,
				0771A5422A1E1A3300D38844 /* ko */,
				0771A5492A1E1EB500D38844 /* en */,
			);
			name = InfoPlist.strings;
			sourceTree = "<group>";
		};
		9BEAA64D2843825200AB77A7 /* LaunchScreen.storyboard */ = {
			isa = PBXVariantGroup;
			children = (
				9BEAA64E2843825200AB77A7 /* Base */,
				0771A5322A1E11BC00D38844 /* ko */,
				0771A5342A1E11C300D38844 /* ja */,
				0771A5362A1E11CE00D38844 /* zh-Hans */,
				0771A5482A1E1EB500D38844 /* en */,
			);
			name = LaunchScreen.storyboard;
			sourceTree = "<group>";
		};
/* End PBXVariantGroup section */

/* Begin XCBuildConfiguration section */
		9BA362B42859F4DE00339D46 /* Debug */ = {
			isa = XCBuildConfiguration;
			buildSettings = {
				BUNDLE_LOADER = "$(TEST_HOST)";
				CLANG_ENABLE_MODULES = YES;
				CODE_SIGN_STYLE = Automatic;
				CURRENT_PROJECT_VERSION = 1;
				DEVELOPMENT_TEAM = W6QHM4Y43Z;
				GENERATE_INFOPLIST_FILE = YES;
				IPHONEOS_DEPLOYMENT_TARGET = 15.5;
				LD_RUNPATH_SEARCH_PATHS = (
					"$(inherited)",
					"@executable_path/Frameworks",
					"@loader_path/Frameworks",
				);
				MARKETING_VERSION = 1.0;
				PRODUCT_BUNDLE_IDENTIFIER = enebin.YellowIsTheNewBlackTests;
				PRODUCT_NAME = "$(TARGET_NAME)";
				SWIFT_EMIT_LOC_STRINGS = NO;
				SWIFT_OBJC_BRIDGING_HEADER = "YellowIsTheNewBlackTests/YellowIsTheNewBlackTests-Bridging-Header.h";
				SWIFT_OPTIMIZATION_LEVEL = "-Onone";
				SWIFT_VERSION = 5.0;
				TARGETED_DEVICE_FAMILY = "1,2";
				TEST_HOST = "$(BUILT_PRODUCTS_DIR)/YellowIsTheNewBlack.app/YellowIsTheNewBlack";
			};
			name = Debug;
		};
		9BA362B52859F4DE00339D46 /* Release */ = {
			isa = XCBuildConfiguration;
			buildSettings = {
				BUNDLE_LOADER = "$(TEST_HOST)";
				CLANG_ENABLE_MODULES = YES;
				CODE_SIGN_STYLE = Automatic;
				CURRENT_PROJECT_VERSION = 1;
				DEVELOPMENT_TEAM = W6QHM4Y43Z;
				GENERATE_INFOPLIST_FILE = YES;
				IPHONEOS_DEPLOYMENT_TARGET = 15.5;
				LD_RUNPATH_SEARCH_PATHS = (
					"$(inherited)",
					"@executable_path/Frameworks",
					"@loader_path/Frameworks",
				);
				MARKETING_VERSION = 1.0;
				PRODUCT_BUNDLE_IDENTIFIER = enebin.YellowIsTheNewBlackTests;
				PRODUCT_NAME = "$(TARGET_NAME)";
				SWIFT_EMIT_LOC_STRINGS = NO;
				SWIFT_OBJC_BRIDGING_HEADER = "YellowIsTheNewBlackTests/YellowIsTheNewBlackTests-Bridging-Header.h";
				SWIFT_VERSION = 5.0;
				TARGETED_DEVICE_FAMILY = "1,2";
				TEST_HOST = "$(BUILT_PRODUCTS_DIR)/YellowIsTheNewBlack.app/YellowIsTheNewBlack";
			};
			name = Release;
		};
		9BEAA6512843825200AB77A7 /* Debug */ = {
			isa = XCBuildConfiguration;
			buildSettings = {
				ALWAYS_SEARCH_USER_PATHS = NO;
				CLANG_ANALYZER_LOCALIZABILITY_NONLOCALIZED = YES;
				CLANG_ANALYZER_NONNULL = YES;
				CLANG_ANALYZER_NUMBER_OBJECT_CONVERSION = YES_AGGRESSIVE;
				CLANG_CXX_LANGUAGE_STANDARD = "gnu++17";
				CLANG_ENABLE_MODULES = YES;
				CLANG_ENABLE_OBJC_ARC = YES;
				CLANG_ENABLE_OBJC_WEAK = YES;
				CLANG_WARN_BLOCK_CAPTURE_AUTORELEASING = YES;
				CLANG_WARN_BOOL_CONVERSION = YES;
				CLANG_WARN_COMMA = YES;
				CLANG_WARN_CONSTANT_CONVERSION = YES;
				CLANG_WARN_DEPRECATED_OBJC_IMPLEMENTATIONS = YES;
				CLANG_WARN_DIRECT_OBJC_ISA_USAGE = YES_ERROR;
				CLANG_WARN_DOCUMENTATION_COMMENTS = YES;
				CLANG_WARN_EMPTY_BODY = YES;
				CLANG_WARN_ENUM_CONVERSION = YES;
				CLANG_WARN_INFINITE_RECURSION = YES;
				CLANG_WARN_INT_CONVERSION = YES;
				CLANG_WARN_NON_LITERAL_NULL_CONVERSION = YES;
				CLANG_WARN_OBJC_IMPLICIT_RETAIN_SELF = YES;
				CLANG_WARN_OBJC_LITERAL_CONVERSION = YES;
				CLANG_WARN_OBJC_ROOT_CLASS = YES_ERROR;
				CLANG_WARN_QUOTED_INCLUDE_IN_FRAMEWORK_HEADER = YES;
				CLANG_WARN_RANGE_LOOP_ANALYSIS = YES;
				CLANG_WARN_STRICT_PROTOTYPES = YES;
				CLANG_WARN_SUSPICIOUS_MOVE = YES;
				CLANG_WARN_UNGUARDED_AVAILABILITY = YES_AGGRESSIVE;
				CLANG_WARN_UNREACHABLE_CODE = YES;
				CLANG_WARN__DUPLICATE_METHOD_MATCH = YES;
				COPY_PHASE_STRIP = NO;
				DEBUG_INFORMATION_FORMAT = dwarf;
				ENABLE_STRICT_OBJC_MSGSEND = YES;
				ENABLE_TESTABILITY = YES;
				ENABLE_TESTING_SEARCH_PATHS = YES;
				GCC_C_LANGUAGE_STANDARD = gnu11;
				GCC_DYNAMIC_NO_PIC = NO;
				GCC_NO_COMMON_BLOCKS = YES;
				GCC_OPTIMIZATION_LEVEL = 0;
				GCC_PREPROCESSOR_DEFINITIONS = (
					"DEBUG=1",
					"$(inherited)",
				);
				GCC_WARN_64_TO_32_BIT_CONVERSION = YES;
				GCC_WARN_ABOUT_RETURN_TYPE = YES_ERROR;
				GCC_WARN_UNDECLARED_SELECTOR = YES;
				GCC_WARN_UNINITIALIZED_AUTOS = YES_AGGRESSIVE;
				GCC_WARN_UNUSED_FUNCTION = YES;
				GCC_WARN_UNUSED_VARIABLE = YES;
				IPHONEOS_DEPLOYMENT_TARGET = 13.0;
				MTL_ENABLE_DEBUG_INFO = INCLUDE_SOURCE;
				MTL_FAST_MATH = YES;
				ONLY_ACTIVE_ARCH = YES;
				SDKROOT = iphoneos;
				SWIFT_ACTIVE_COMPILATION_CONDITIONS = DEBUG;
				SWIFT_OPTIMIZATION_LEVEL = "-Onone";
			};
			name = Debug;
		};
		9BEAA6522843825200AB77A7 /* Release */ = {
			isa = XCBuildConfiguration;
			buildSettings = {
				ALWAYS_SEARCH_USER_PATHS = NO;
				CLANG_ANALYZER_LOCALIZABILITY_NONLOCALIZED = YES;
				CLANG_ANALYZER_NONNULL = YES;
				CLANG_ANALYZER_NUMBER_OBJECT_CONVERSION = YES_AGGRESSIVE;
				CLANG_CXX_LANGUAGE_STANDARD = "gnu++17";
				CLANG_ENABLE_MODULES = YES;
				CLANG_ENABLE_OBJC_ARC = YES;
				CLANG_ENABLE_OBJC_WEAK = YES;
				CLANG_WARN_BLOCK_CAPTURE_AUTORELEASING = YES;
				CLANG_WARN_BOOL_CONVERSION = YES;
				CLANG_WARN_COMMA = YES;
				CLANG_WARN_CONSTANT_CONVERSION = YES;
				CLANG_WARN_DEPRECATED_OBJC_IMPLEMENTATIONS = YES;
				CLANG_WARN_DIRECT_OBJC_ISA_USAGE = YES_ERROR;
				CLANG_WARN_DOCUMENTATION_COMMENTS = YES;
				CLANG_WARN_EMPTY_BODY = YES;
				CLANG_WARN_ENUM_CONVERSION = YES;
				CLANG_WARN_INFINITE_RECURSION = YES;
				CLANG_WARN_INT_CONVERSION = YES;
				CLANG_WARN_NON_LITERAL_NULL_CONVERSION = YES;
				CLANG_WARN_OBJC_IMPLICIT_RETAIN_SELF = YES;
				CLANG_WARN_OBJC_LITERAL_CONVERSION = YES;
				CLANG_WARN_OBJC_ROOT_CLASS = YES_ERROR;
				CLANG_WARN_QUOTED_INCLUDE_IN_FRAMEWORK_HEADER = YES;
				CLANG_WARN_RANGE_LOOP_ANALYSIS = YES;
				CLANG_WARN_STRICT_PROTOTYPES = YES;
				CLANG_WARN_SUSPICIOUS_MOVE = YES;
				CLANG_WARN_UNGUARDED_AVAILABILITY = YES_AGGRESSIVE;
				CLANG_WARN_UNREACHABLE_CODE = YES;
				CLANG_WARN__DUPLICATE_METHOD_MATCH = YES;
				COPY_PHASE_STRIP = NO;
				DEBUG_INFORMATION_FORMAT = "dwarf-with-dsym";
				ENABLE_NS_ASSERTIONS = NO;
				ENABLE_STRICT_OBJC_MSGSEND = YES;
				ENABLE_TESTABILITY = YES;
				ENABLE_TESTING_SEARCH_PATHS = YES;
				GCC_C_LANGUAGE_STANDARD = gnu11;
				GCC_NO_COMMON_BLOCKS = YES;
				GCC_WARN_64_TO_32_BIT_CONVERSION = YES;
				GCC_WARN_ABOUT_RETURN_TYPE = YES_ERROR;
				GCC_WARN_UNDECLARED_SELECTOR = YES;
				GCC_WARN_UNINITIALIZED_AUTOS = YES_AGGRESSIVE;
				GCC_WARN_UNUSED_FUNCTION = YES;
				GCC_WARN_UNUSED_VARIABLE = YES;
				IPHONEOS_DEPLOYMENT_TARGET = 13.0;
				MTL_ENABLE_DEBUG_INFO = NO;
				MTL_FAST_MATH = YES;
				SDKROOT = iphoneos;
				SWIFT_COMPILATION_MODE = wholemodule;
				SWIFT_OPTIMIZATION_LEVEL = "-O";
				VALIDATE_PRODUCT = YES;
			};
			name = Release;
		};
		9BEAA6542843825200AB77A7 /* Debug */ = {
			isa = XCBuildConfiguration;
			buildSettings = {
				ASSETCATALOG_COMPILER_APPICON_NAME = AppIcon;
				ASSETCATALOG_COMPILER_GLOBAL_ACCENT_COLOR_NAME = AccentColor;
				CODE_SIGN_STYLE = Automatic;
				CURRENT_PROJECT_VERSION = 1;
				DEVELOPMENT_TEAM = W6QHM4Y43Z;
				GENERATE_INFOPLIST_FILE = YES;
				INFOPLIST_FILE = YellowIsTheNewBlack/Info.plist;
				INFOPLIST_KEY_CFBundleDisplayName = Jable;
				INFOPLIST_KEY_LSApplicationCategoryType = "public.app-category.video";
				INFOPLIST_KEY_NSCameraUsageDescription = NSCameraUsageDescription;
				INFOPLIST_KEY_NSFileProviderDomainUsageDescription = NSFileProviderDomainUsageDescription;
				INFOPLIST_KEY_NSMicrophoneUsageDescription = NSMicrophoneUsageDescription;
				INFOPLIST_KEY_NSPhotoLibraryAddUsageDescription = NSPhotoLibraryAddUsageDescription;
				INFOPLIST_KEY_NSPhotoLibraryUsageDescription = NSPhotoLibraryUsageDescription;
				INFOPLIST_KEY_UIApplicationSupportsIndirectInputEvents = YES;
				INFOPLIST_KEY_UILaunchStoryboardName = LaunchScreen;
				INFOPLIST_KEY_UIMainStoryboardFile = "";
				INFOPLIST_KEY_UIStatusBarHidden = YES;
				INFOPLIST_KEY_UIStatusBarStyle = "";
				INFOPLIST_KEY_UISupportedInterfaceOrientations = UIInterfaceOrientationPortrait;
				INFOPLIST_KEY_UISupportedInterfaceOrientations_iPad = "UIInterfaceOrientationLandscapeLeft UIInterfaceOrientationLandscapeRight UIInterfaceOrientationPortrait UIInterfaceOrientationPortraitUpsideDown";
				IPHONEOS_DEPLOYMENT_TARGET = 14.0;
				LD_RUNPATH_SEARCH_PATHS = (
					"$(inherited)",
					"@executable_path/Frameworks",
				);
				MARKETING_VERSION = 1.1.1;
				PRODUCT_BUNDLE_IDENTIFIER = com.enebin.YellowIsTheNewBlack;
				PRODUCT_NAME = "$(TARGET_NAME)";
				SUPPORTED_PLATFORMS = "iphoneos iphonesimulator";
				SUPPORTS_MACCATALYST = NO;
				SUPPORTS_MAC_DESIGNED_FOR_IPHONE_IPAD = NO;
				SWIFT_EMIT_LOC_STRINGS = YES;
				SWIFT_VERSION = 5.0;
				TARGETED_DEVICE_FAMILY = 1;
			};
			name = Debug;
		};
		9BEAA6552843825200AB77A7 /* Release */ = {
			isa = XCBuildConfiguration;
			buildSettings = {
				ASSETCATALOG_COMPILER_APPICON_NAME = AppIcon;
				ASSETCATALOG_COMPILER_GLOBAL_ACCENT_COLOR_NAME = AccentColor;
				CODE_SIGN_STYLE = Automatic;
				CURRENT_PROJECT_VERSION = 1;
				DEVELOPMENT_TEAM = W6QHM4Y43Z;
				GENERATE_INFOPLIST_FILE = YES;
				INFOPLIST_FILE = YellowIsTheNewBlack/Info.plist;
				INFOPLIST_KEY_CFBundleDisplayName = Jable;
				INFOPLIST_KEY_LSApplicationCategoryType = "public.app-category.video";
				INFOPLIST_KEY_NSCameraUsageDescription = NSCameraUsageDescription;
				INFOPLIST_KEY_NSFileProviderDomainUsageDescription = NSFileProviderDomainUsageDescription;
				INFOPLIST_KEY_NSMicrophoneUsageDescription = NSMicrophoneUsageDescription;
				INFOPLIST_KEY_NSPhotoLibraryAddUsageDescription = NSPhotoLibraryAddUsageDescription;
				INFOPLIST_KEY_NSPhotoLibraryUsageDescription = NSPhotoLibraryUsageDescription;
				INFOPLIST_KEY_UIApplicationSupportsIndirectInputEvents = YES;
				INFOPLIST_KEY_UILaunchStoryboardName = LaunchScreen;
				INFOPLIST_KEY_UIMainStoryboardFile = "";
				INFOPLIST_KEY_UIStatusBarHidden = YES;
				INFOPLIST_KEY_UIStatusBarStyle = "";
				INFOPLIST_KEY_UISupportedInterfaceOrientations = UIInterfaceOrientationPortrait;
				INFOPLIST_KEY_UISupportedInterfaceOrientations_iPad = "UIInterfaceOrientationLandscapeLeft UIInterfaceOrientationLandscapeRight UIInterfaceOrientationPortrait UIInterfaceOrientationPortraitUpsideDown";
				IPHONEOS_DEPLOYMENT_TARGET = 14.0;
				LD_RUNPATH_SEARCH_PATHS = (
					"$(inherited)",
					"@executable_path/Frameworks",
				);
				MARKETING_VERSION = 1.1.1;
				PRODUCT_BUNDLE_IDENTIFIER = com.enebin.YellowIsTheNewBlack;
				PRODUCT_NAME = "$(TARGET_NAME)";
				SUPPORTED_PLATFORMS = "iphoneos iphonesimulator";
				SUPPORTS_MACCATALYST = NO;
				SUPPORTS_MAC_DESIGNED_FOR_IPHONE_IPAD = NO;
				SWIFT_EMIT_LOC_STRINGS = YES;
				SWIFT_VERSION = 5.0;
				TARGETED_DEVICE_FAMILY = 1;
			};
			name = Release;
		};
/* End XCBuildConfiguration section */

/* Begin XCConfigurationList section */
		9BA362B32859F4DE00339D46 /* Build configuration list for PBXNativeTarget "YellowIsTheNewBlackTests" */ = {
			isa = XCConfigurationList;
			buildConfigurations = (
				9BA362B42859F4DE00339D46 /* Debug */,
				9BA362B52859F4DE00339D46 /* Release */,
			);
			defaultConfigurationIsVisible = 0;
			defaultConfigurationName = Release;
		};
		9BEAA63A2843824E00AB77A7 /* Build configuration list for PBXProject "YellowIsTheNewBlack" */ = {
			isa = XCConfigurationList;
			buildConfigurations = (
				9BEAA6512843825200AB77A7 /* Debug */,
				9BEAA6522843825200AB77A7 /* Release */,
			);
			defaultConfigurationIsVisible = 0;
			defaultConfigurationName = Release;
		};
		9BEAA6532843825200AB77A7 /* Build configuration list for PBXNativeTarget "YellowIsTheNewBlack" */ = {
			isa = XCConfigurationList;
			buildConfigurations = (
				9BEAA6542843825200AB77A7 /* Debug */,
				9BEAA6552843825200AB77A7 /* Release */,
			);
			defaultConfigurationIsVisible = 0;
			defaultConfigurationName = Release;
		};
/* End XCConfigurationList section */

/* Begin XCRemoteSwiftPackageReference section */
		0751FD5228E03BB300E01C47 /* XCRemoteSwiftPackageReference "RxDataSources" */ = {
			isa = XCRemoteSwiftPackageReference;
			repositoryURL = "https://github.com/RxSwiftCommunity/RxDataSources";
			requirement = {
				kind = upToNextMajorVersion;
				minimumVersion = 5.0.0;
			};
		};
		0751FD5528E03BC200E01C47 /* XCRemoteSwiftPackageReference "Then" */ = {
			isa = XCRemoteSwiftPackageReference;
			repositoryURL = "https://github.com/devxoul/Then";
			requirement = {
				kind = upToNextMajorVersion;
				minimumVersion = 3.0.0;
			};
		};
		0751FD5828E03BD700E01C47 /* XCRemoteSwiftPackageReference "SnapKit" */ = {
			isa = XCRemoteSwiftPackageReference;
			repositoryURL = "https://github.com/SnapKit/SnapKit";
			requirement = {
				kind = upToNextMajorVersion;
				minimumVersion = 5.0.0;
			};
		};
		0751FD5B28E042D900E01C47 /* XCRemoteSwiftPackageReference "RxSwift" */ = {
			isa = XCRemoteSwiftPackageReference;
			repositoryURL = "https://github.com/ReactiveX/RxSwift";
			requirement = {
				kind = upToNextMajorVersion;
				minimumVersion = 6.0.0;
			};
		};
		9CC81CDB2901155A00463823 /* XCRemoteSwiftPackageReference "Kingfisher" */ = {
			isa = XCRemoteSwiftPackageReference;
			repositoryURL = "https://github.com/onevcat/Kingfisher";
			requirement = {
				kind = upToNextMajorVersion;
				minimumVersion = 7.0.0;
			};
		};
/* End XCRemoteSwiftPackageReference section */

/* Begin XCSwiftPackageProductDependency section */
		0751FD5328E03BB300E01C47 /* RxDataSources */ = {
			isa = XCSwiftPackageProductDependency;
			package = 0751FD5228E03BB300E01C47 /* XCRemoteSwiftPackageReference "RxDataSources" */;
			productName = RxDataSources;
		};
		0751FD5628E03BC200E01C47 /* Then */ = {
			isa = XCSwiftPackageProductDependency;
			package = 0751FD5528E03BC200E01C47 /* XCRemoteSwiftPackageReference "Then" */;
			productName = Then;
		};
		0751FD5928E03BD700E01C47 /* SnapKit */ = {
			isa = XCSwiftPackageProductDependency;
			package = 0751FD5828E03BD700E01C47 /* XCRemoteSwiftPackageReference "SnapKit" */;
			productName = SnapKit;
		};
		0751FD5C28E042D900E01C47 /* RxCocoa */ = {
			isa = XCSwiftPackageProductDependency;
			package = 0751FD5B28E042D900E01C47 /* XCRemoteSwiftPackageReference "RxSwift" */;
			productName = RxCocoa;
		};
		0751FD5E28E042D900E01C47 /* RxRelay */ = {
			isa = XCSwiftPackageProductDependency;
			package = 0751FD5B28E042D900E01C47 /* XCRemoteSwiftPackageReference "RxSwift" */;
			productName = RxRelay;
		};
		0751FD6028E042D900E01C47 /* RxSwift */ = {
			isa = XCSwiftPackageProductDependency;
			package = 0751FD5B28E042D900E01C47 /* XCRemoteSwiftPackageReference "RxSwift" */;
			productName = RxSwift;
		};
		075CC74C2A26267500FC64EE /* Swoosh */ = {
			isa = XCSwiftPackageProductDependency;
			productName = Swoosh;
		};
		9CC81CDC2901155A00463823 /* Kingfisher */ = {
			isa = XCSwiftPackageProductDependency;
			package = 9CC81CDB2901155A00463823 /* XCRemoteSwiftPackageReference "Kingfisher" */;
			productName = Kingfisher;
		};
/* End XCSwiftPackageProductDependency section */
	};
	rootObject = 9BEAA6372843824E00AB77A7 /* Project object */;
}
